// !$*UTF8*$!
{
	archiveVersion = 1;
	classes = {
	};
	objectVersion = 55;
	objects = {

/* Begin PBXBuildFile section */
		400F899727EC38680018E937 /* AppDelegate.swift in Sources */ = {isa = PBXBuildFile; fileRef = 400F899627EC38680018E937 /* AppDelegate.swift */; };
		400F899927EC38680018E937 /* SceneDelegate.swift in Sources */ = {isa = PBXBuildFile; fileRef = 400F899827EC38680018E937 /* SceneDelegate.swift */; };
		400F899B27EC38680018E937 /* ViewController.swift in Sources */ = {isa = PBXBuildFile; fileRef = 400F899A27EC38680018E937 /* ViewController.swift */; };
		400F899E27EC38680018E937 /* Main.storyboard in Resources */ = {isa = PBXBuildFile; fileRef = 400F899C27EC38680018E937 /* Main.storyboard */; };
		400F89A027EC386A0018E937 /* Assets.xcassets in Resources */ = {isa = PBXBuildFile; fileRef = 400F899F27EC386A0018E937 /* Assets.xcassets */; };
		400F89A327EC386A0018E937 /* LaunchScreen.storyboard in Resources */ = {isa = PBXBuildFile; fileRef = 400F89A127EC386A0018E937 /* LaunchScreen.storyboard */; };
		400F89AC27EC396A0018E937 /* glm in Resources */ = {isa = PBXBuildFile; fileRef = 400F89AB27EC396A0018E937 /* glm */; };
		400F89B127EC3A7B0018E937 /* Scene.mm in Sources */ = {isa = PBXBuildFile; fileRef = 400F89B027EC3A7B0018E937 /* Scene.mm */; };
		400F89B627EC3C260018E937 /* Assert.cpp in Sources */ = {isa = PBXBuildFile; fileRef = 400F89B527EC3C260018E937 /* Assert.cpp */; };
		400F89BA27EC3CE30018E937 /* Shader.cpp in Sources */ = {isa = PBXBuildFile; fileRef = 400F89B827EC3CE30018E937 /* Shader.cpp */; };
		400F89BF27EC3D710018E937 /* Shader.vsh in Resources */ = {isa = PBXBuildFile; fileRef = 400F89BD27EC3D710018E937 /* Shader.vsh */; };
		400F89C027EC3D710018E937 /* Shader.fsh in Resources */ = {isa = PBXBuildFile; fileRef = 400F89BE27EC3D710018E937 /* Shader.fsh */; };
		400F89C327EC43F10018E937 /* Mesh.cpp in Sources */ = {isa = PBXBuildFile; fileRef = 400F89C127EC43F10018E937 /* Mesh.cpp */; };
		400F89CD27EC4CB00018E937 /* PhysicsSolver.cpp in Sources */ = {isa = PBXBuildFile; fileRef = 400F89CB27EC4CB00018E937 /* PhysicsSolver.cpp */; };
		4023E22327F4F730002EFEF0 /* b2Body.cpp in Sources */ = {isa = PBXBuildFile; fileRef = 4023E1C027F4F730002EFEF0 /* b2Body.cpp */; };
		4023E22427F4F730002EFEF0 /* b2World.cpp in Sources */ = {isa = PBXBuildFile; fileRef = 4023E1C127F4F730002EFEF0 /* b2World.cpp */; };
		4023E22527F4F730002EFEF0 /* b2Fixture.cpp in Sources */ = {isa = PBXBuildFile; fileRef = 4023E1C227F4F730002EFEF0 /* b2Fixture.cpp */; };
		4023E22627F4F730002EFEF0 /* b2ChainAndPolygonContact.cpp in Sources */ = {isa = PBXBuildFile; fileRef = 4023E1C927F4F730002EFEF0 /* b2ChainAndPolygonContact.cpp */; };
		4023E22727F4F730002EFEF0 /* b2EdgeAndPolygonContact.cpp in Sources */ = {isa = PBXBuildFile; fileRef = 4023E1CB27F4F730002EFEF0 /* b2EdgeAndPolygonContact.cpp */; };
		4023E22827F4F730002EFEF0 /* b2ChainAndCircleContact.cpp in Sources */ = {isa = PBXBuildFile; fileRef = 4023E1CC27F4F730002EFEF0 /* b2ChainAndCircleContact.cpp */; };
		4023E22927F4F730002EFEF0 /* b2PolygonAndCircleContact.cpp in Sources */ = {isa = PBXBuildFile; fileRef = 4023E1CD27F4F730002EFEF0 /* b2PolygonAndCircleContact.cpp */; };
		4023E22A27F4F730002EFEF0 /* b2PolygonContact.cpp in Sources */ = {isa = PBXBuildFile; fileRef = 4023E1CF27F4F730002EFEF0 /* b2PolygonContact.cpp */; };
		4023E22B27F4F730002EFEF0 /* b2ContactSolver.cpp in Sources */ = {isa = PBXBuildFile; fileRef = 4023E1D327F4F730002EFEF0 /* b2ContactSolver.cpp */; };
		4023E22C27F4F730002EFEF0 /* b2CircleContact.cpp in Sources */ = {isa = PBXBuildFile; fileRef = 4023E1D427F4F730002EFEF0 /* b2CircleContact.cpp */; };
		4023E22D27F4F730002EFEF0 /* b2EdgeAndCircleContact.cpp in Sources */ = {isa = PBXBuildFile; fileRef = 4023E1D527F4F730002EFEF0 /* b2EdgeAndCircleContact.cpp */; };
		4023E22E27F4F730002EFEF0 /* b2Contact.cpp in Sources */ = {isa = PBXBuildFile; fileRef = 4023E1D627F4F730002EFEF0 /* b2Contact.cpp */; };
		4023E22F27F4F730002EFEF0 /* b2WorldCallbacks.cpp in Sources */ = {isa = PBXBuildFile; fileRef = 4023E1D727F4F730002EFEF0 /* b2WorldCallbacks.cpp */; };
		4023E23027F4F730002EFEF0 /* b2WeldJoint.cpp in Sources */ = {isa = PBXBuildFile; fileRef = 4023E1D927F4F730002EFEF0 /* b2WeldJoint.cpp */; };
		4023E23127F4F730002EFEF0 /* b2MouseJoint.cpp in Sources */ = {isa = PBXBuildFile; fileRef = 4023E1DA27F4F730002EFEF0 /* b2MouseJoint.cpp */; };
		4023E23227F4F730002EFEF0 /* b2FrictionJoint.cpp in Sources */ = {isa = PBXBuildFile; fileRef = 4023E1DB27F4F730002EFEF0 /* b2FrictionJoint.cpp */; };
		4023E23327F4F730002EFEF0 /* b2DistanceJoint.cpp in Sources */ = {isa = PBXBuildFile; fileRef = 4023E1E327F4F730002EFEF0 /* b2DistanceJoint.cpp */; };
		4023E23427F4F730002EFEF0 /* b2WheelJoint.cpp in Sources */ = {isa = PBXBuildFile; fileRef = 4023E1E427F4F730002EFEF0 /* b2WheelJoint.cpp */; };
		4023E23527F4F730002EFEF0 /* b2MotorJoint.cpp in Sources */ = {isa = PBXBuildFile; fileRef = 4023E1E527F4F730002EFEF0 /* b2MotorJoint.cpp */; };
		4023E23627F4F730002EFEF0 /* b2RevoluteJoint.cpp in Sources */ = {isa = PBXBuildFile; fileRef = 4023E1E827F4F730002EFEF0 /* b2RevoluteJoint.cpp */; };
		4023E23727F4F730002EFEF0 /* b2GearJoint.cpp in Sources */ = {isa = PBXBuildFile; fileRef = 4023E1EA27F4F730002EFEF0 /* b2GearJoint.cpp */; };
		4023E23827F4F730002EFEF0 /* b2Joint.cpp in Sources */ = {isa = PBXBuildFile; fileRef = 4023E1EB27F4F730002EFEF0 /* b2Joint.cpp */; };
		4023E23927F4F730002EFEF0 /* b2PrismaticJoint.cpp in Sources */ = {isa = PBXBuildFile; fileRef = 4023E1EC27F4F730002EFEF0 /* b2PrismaticJoint.cpp */; };
		4023E23A27F4F730002EFEF0 /* b2PulleyJoint.cpp in Sources */ = {isa = PBXBuildFile; fileRef = 4023E1ED27F4F730002EFEF0 /* b2PulleyJoint.cpp */; };
		4023E23B27F4F730002EFEF0 /* b2RopeJoint.cpp in Sources */ = {isa = PBXBuildFile; fileRef = 4023E1EF27F4F730002EFEF0 /* b2RopeJoint.cpp */; };
		4023E23C27F4F730002EFEF0 /* b2Island.cpp in Sources */ = {isa = PBXBuildFile; fileRef = 4023E1F227F4F730002EFEF0 /* b2Island.cpp */; };
		4023E23D27F4F730002EFEF0 /* b2ContactManager.cpp in Sources */ = {isa = PBXBuildFile; fileRef = 4023E1F827F4F730002EFEF0 /* b2ContactManager.cpp */; };
		4023E23E27F4F730002EFEF0 /* b2Rope.cpp in Sources */ = {isa = PBXBuildFile; fileRef = 4023E1FC27F4F730002EFEF0 /* b2Rope.cpp */; };
		4023E23F27F4F730002EFEF0 /* b2Draw.cpp in Sources */ = {isa = PBXBuildFile; fileRef = 4023E1FF27F4F730002EFEF0 /* b2Draw.cpp */; };
		4023E24027F4F730002EFEF0 /* b2BlockAllocator.cpp in Sources */ = {isa = PBXBuildFile; fileRef = 4023E20127F4F730002EFEF0 /* b2BlockAllocator.cpp */; };
		4023E24127F4F730002EFEF0 /* b2Settings.cpp in Sources */ = {isa = PBXBuildFile; fileRef = 4023E20327F4F730002EFEF0 /* b2Settings.cpp */; };
		4023E24227F4F730002EFEF0 /* b2Timer.cpp in Sources */ = {isa = PBXBuildFile; fileRef = 4023E20527F4F730002EFEF0 /* b2Timer.cpp */; };
		4023E24327F4F730002EFEF0 /* b2StackAllocator.cpp in Sources */ = {isa = PBXBuildFile; fileRef = 4023E20727F4F730002EFEF0 /* b2StackAllocator.cpp */; };
		4023E24427F4F730002EFEF0 /* b2Math.cpp in Sources */ = {isa = PBXBuildFile; fileRef = 4023E20827F4F730002EFEF0 /* b2Math.cpp */; };
		4023E24527F4F730002EFEF0 /* b2Distance.cpp in Sources */ = {isa = PBXBuildFile; fileRef = 4023E20D27F4F730002EFEF0 /* b2Distance.cpp */; };
		4023E24627F4F730002EFEF0 /* b2CollideCircle.cpp in Sources */ = {isa = PBXBuildFile; fileRef = 4023E20E27F4F730002EFEF0 /* b2CollideCircle.cpp */; };
		4023E24727F4F730002EFEF0 /* b2CollidePolygon.cpp in Sources */ = {isa = PBXBuildFile; fileRef = 4023E20F27F4F730002EFEF0 /* b2CollidePolygon.cpp */; };
		4023E24827F4F730002EFEF0 /* b2DynamicTree.cpp in Sources */ = {isa = PBXBuildFile; fileRef = 4023E21027F4F730002EFEF0 /* b2DynamicTree.cpp */; };
		4023E24927F4F730002EFEF0 /* b2ChainShape.cpp in Sources */ = {isa = PBXBuildFile; fileRef = 4023E21327F4F730002EFEF0 /* b2ChainShape.cpp */; };
		4023E24A27F4F730002EFEF0 /* b2EdgeShape.cpp in Sources */ = {isa = PBXBuildFile; fileRef = 4023E21727F4F730002EFEF0 /* b2EdgeShape.cpp */; };
		4023E24B27F4F730002EFEF0 /* b2CircleShape.cpp in Sources */ = {isa = PBXBuildFile; fileRef = 4023E21827F4F730002EFEF0 /* b2CircleShape.cpp */; };
		4023E24C27F4F730002EFEF0 /* b2PolygonShape.cpp in Sources */ = {isa = PBXBuildFile; fileRef = 4023E21927F4F730002EFEF0 /* b2PolygonShape.cpp */; };
		4023E24D27F4F730002EFEF0 /* b2TimeOfImpact.cpp in Sources */ = {isa = PBXBuildFile; fileRef = 4023E21D27F4F730002EFEF0 /* b2TimeOfImpact.cpp */; };
		4023E24E27F4F730002EFEF0 /* b2BroadPhase.cpp in Sources */ = {isa = PBXBuildFile; fileRef = 4023E21E27F4F730002EFEF0 /* b2BroadPhase.cpp */; };
		4023E24F27F4F730002EFEF0 /* b2CollideEdge.cpp in Sources */ = {isa = PBXBuildFile; fileRef = 4023E22127F4F730002EFEF0 /* b2CollideEdge.cpp */; };
		4023E25027F4F730002EFEF0 /* b2Collision.cpp in Sources */ = {isa = PBXBuildFile; fileRef = 4023E22227F4F730002EFEF0 /* b2Collision.cpp */; };
/* End PBXBuildFile section */

/* Begin PBXFileReference section */
		400F899327EC38680018E937 /* gl-pong-demo.app */ = {isa = PBXFileReference; explicitFileType = wrapper.application; includeInIndex = 0; path = "gl-pong-demo.app"; sourceTree = BUILT_PRODUCTS_DIR; };
		400F899627EC38680018E937 /* AppDelegate.swift */ = {isa = PBXFileReference; lastKnownFileType = sourcecode.swift; path = AppDelegate.swift; sourceTree = "<group>"; };
		400F899827EC38680018E937 /* SceneDelegate.swift */ = {isa = PBXFileReference; lastKnownFileType = sourcecode.swift; path = SceneDelegate.swift; sourceTree = "<group>"; };
		400F899A27EC38680018E937 /* ViewController.swift */ = {isa = PBXFileReference; lastKnownFileType = sourcecode.swift; path = ViewController.swift; sourceTree = "<group>"; };
		400F899D27EC38680018E937 /* Base */ = {isa = PBXFileReference; lastKnownFileType = file.storyboard; name = Base; path = Base.lproj/Main.storyboard; sourceTree = "<group>"; };
		400F899F27EC386A0018E937 /* Assets.xcassets */ = {isa = PBXFileReference; lastKnownFileType = folder.assetcatalog; path = Assets.xcassets; sourceTree = "<group>"; };
		400F89A227EC386A0018E937 /* Base */ = {isa = PBXFileReference; lastKnownFileType = file.storyboard; name = Base; path = Base.lproj/LaunchScreen.storyboard; sourceTree = "<group>"; };
		400F89A427EC386A0018E937 /* Info.plist */ = {isa = PBXFileReference; lastKnownFileType = text.plist.xml; path = Info.plist; sourceTree = "<group>"; };
		400F89AB27EC396A0018E937 /* glm */ = {isa = PBXFileReference; lastKnownFileType = folder; path = glm; sourceTree = "<group>"; };
		400F89AF27EC3A7B0018E937 /* gl-pong-demo-Bridging-Header.h */ = {isa = PBXFileReference; lastKnownFileType = sourcecode.c.h; path = "gl-pong-demo-Bridging-Header.h"; sourceTree = "<group>"; };
		400F89B027EC3A7B0018E937 /* Scene.mm */ = {isa = PBXFileReference; lastKnownFileType = sourcecode.cpp.objcpp; path = Scene.mm; sourceTree = "<group>"; };
		400F89B327EC3AA30018E937 /* Scene.h */ = {isa = PBXFileReference; lastKnownFileType = sourcecode.c.h; path = Scene.h; sourceTree = "<group>"; };
		400F89B427EC3C260018E937 /* Assert.hpp */ = {isa = PBXFileReference; fileEncoding = 4; lastKnownFileType = sourcecode.cpp.h; path = Assert.hpp; sourceTree = "<group>"; };
		400F89B527EC3C260018E937 /* Assert.cpp */ = {isa = PBXFileReference; fileEncoding = 4; lastKnownFileType = sourcecode.cpp.cpp; path = Assert.cpp; sourceTree = "<group>"; };
		400F89B827EC3CE30018E937 /* Shader.cpp */ = {isa = PBXFileReference; fileEncoding = 4; lastKnownFileType = sourcecode.cpp.cpp; path = Shader.cpp; sourceTree = "<group>"; };
		400F89B927EC3CE30018E937 /* Shader.hpp */ = {isa = PBXFileReference; fileEncoding = 4; lastKnownFileType = sourcecode.cpp.h; path = Shader.hpp; sourceTree = "<group>"; };
		400F89BD27EC3D710018E937 /* Shader.vsh */ = {isa = PBXFileReference; fileEncoding = 4; lastKnownFileType = sourcecode.glsl; path = Shader.vsh; sourceTree = "<group>"; };
		400F89BE27EC3D710018E937 /* Shader.fsh */ = {isa = PBXFileReference; fileEncoding = 4; lastKnownFileType = sourcecode.glsl; path = Shader.fsh; sourceTree = "<group>"; };
		400F89C127EC43F10018E937 /* Mesh.cpp */ = {isa = PBXFileReference; fileEncoding = 4; lastKnownFileType = sourcecode.cpp.cpp; path = Mesh.cpp; sourceTree = "<group>"; };
		400F89C227EC43F10018E937 /* Mesh.hpp */ = {isa = PBXFileReference; fileEncoding = 4; lastKnownFileType = sourcecode.cpp.h; path = Mesh.hpp; sourceTree = "<group>"; };
		400F89CA27EC44A80018E937 /* CubeData.h */ = {isa = PBXFileReference; lastKnownFileType = sourcecode.c.h; path = CubeData.h; sourceTree = "<group>"; };
		400F89CB27EC4CB00018E937 /* PhysicsSolver.cpp */ = {isa = PBXFileReference; lastKnownFileType = sourcecode.cpp.cpp; path = PhysicsSolver.cpp; sourceTree = "<group>"; };
		400F89CC27EC4CB00018E937 /* PhysicsSolver.hpp */ = {isa = PBXFileReference; lastKnownFileType = sourcecode.cpp.h; path = PhysicsSolver.hpp; sourceTree = "<group>"; };
		4023E1C027F4F730002EFEF0 /* b2Body.cpp */ = {isa = PBXFileReference; fileEncoding = 4; lastKnownFileType = sourcecode.cpp.cpp; path = b2Body.cpp; sourceTree = "<group>"; };
		4023E1C127F4F730002EFEF0 /* b2World.cpp */ = {isa = PBXFileReference; fileEncoding = 4; lastKnownFileType = sourcecode.cpp.cpp; path = b2World.cpp; sourceTree = "<group>"; };
		4023E1C227F4F730002EFEF0 /* b2Fixture.cpp */ = {isa = PBXFileReference; fileEncoding = 4; lastKnownFileType = sourcecode.cpp.cpp; path = b2Fixture.cpp; sourceTree = "<group>"; };
		4023E1C327F4F730002EFEF0 /* b2World.h */ = {isa = PBXFileReference; fileEncoding = 4; lastKnownFileType = sourcecode.c.h; path = b2World.h; sourceTree = "<group>"; };
		4023E1C527F4F730002EFEF0 /* b2ContactSolver.h */ = {isa = PBXFileReference; fileEncoding = 4; lastKnownFileType = sourcecode.c.h; path = b2ContactSolver.h; sourceTree = "<group>"; };
		4023E1C627F4F730002EFEF0 /* b2ChainAndCircleContact.h */ = {isa = PBXFileReference; fileEncoding = 4; lastKnownFileType = sourcecode.c.h; path = b2ChainAndCircleContact.h; sourceTree = "<group>"; };
		4023E1C727F4F730002EFEF0 /* b2PolygonAndCircleContact.h */ = {isa = PBXFileReference; fileEncoding = 4; lastKnownFileType = sourcecode.c.h; path = b2PolygonAndCircleContact.h; sourceTree = "<group>"; };
		4023E1C827F4F730002EFEF0 /* b2EdgeAndCircleContact.h */ = {isa = PBXFileReference; fileEncoding = 4; lastKnownFileType = sourcecode.c.h; path = b2EdgeAndCircleContact.h; sourceTree = "<group>"; };
		4023E1C927F4F730002EFEF0 /* b2ChainAndPolygonContact.cpp */ = {isa = PBXFileReference; fileEncoding = 4; lastKnownFileType = sourcecode.cpp.cpp; path = b2ChainAndPolygonContact.cpp; sourceTree = "<group>"; };
		4023E1CA27F4F730002EFEF0 /* b2EdgeAndPolygonContact.h */ = {isa = PBXFileReference; fileEncoding = 4; lastKnownFileType = sourcecode.c.h; path = b2EdgeAndPolygonContact.h; sourceTree = "<group>"; };
		4023E1CB27F4F730002EFEF0 /* b2EdgeAndPolygonContact.cpp */ = {isa = PBXFileReference; fileEncoding = 4; lastKnownFileType = sourcecode.cpp.cpp; path = b2EdgeAndPolygonContact.cpp; sourceTree = "<group>"; };
		4023E1CC27F4F730002EFEF0 /* b2ChainAndCircleContact.cpp */ = {isa = PBXFileReference; fileEncoding = 4; lastKnownFileType = sourcecode.cpp.cpp; path = b2ChainAndCircleContact.cpp; sourceTree = "<group>"; };
		4023E1CD27F4F730002EFEF0 /* b2PolygonAndCircleContact.cpp */ = {isa = PBXFileReference; fileEncoding = 4; lastKnownFileType = sourcecode.cpp.cpp; path = b2PolygonAndCircleContact.cpp; sourceTree = "<group>"; };
		4023E1CE27F4F730002EFEF0 /* b2Contact.h */ = {isa = PBXFileReference; fileEncoding = 4; lastKnownFileType = sourcecode.c.h; path = b2Contact.h; sourceTree = "<group>"; };
		4023E1CF27F4F730002EFEF0 /* b2PolygonContact.cpp */ = {isa = PBXFileReference; fileEncoding = 4; lastKnownFileType = sourcecode.cpp.cpp; path = b2PolygonContact.cpp; sourceTree = "<group>"; };
		4023E1D027F4F730002EFEF0 /* b2CircleContact.h */ = {isa = PBXFileReference; fileEncoding = 4; lastKnownFileType = sourcecode.c.h; path = b2CircleContact.h; sourceTree = "<group>"; };
		4023E1D127F4F730002EFEF0 /* b2ChainAndPolygonContact.h */ = {isa = PBXFileReference; fileEncoding = 4; lastKnownFileType = sourcecode.c.h; path = b2ChainAndPolygonContact.h; sourceTree = "<group>"; };
		4023E1D227F4F730002EFEF0 /* b2PolygonContact.h */ = {isa = PBXFileReference; fileEncoding = 4; lastKnownFileType = sourcecode.c.h; path = b2PolygonContact.h; sourceTree = "<group>"; };
		4023E1D327F4F730002EFEF0 /* b2ContactSolver.cpp */ = {isa = PBXFileReference; fileEncoding = 4; lastKnownFileType = sourcecode.cpp.cpp; path = b2ContactSolver.cpp; sourceTree = "<group>"; };
		4023E1D427F4F730002EFEF0 /* b2CircleContact.cpp */ = {isa = PBXFileReference; fileEncoding = 4; lastKnownFileType = sourcecode.cpp.cpp; path = b2CircleContact.cpp; sourceTree = "<group>"; };
		4023E1D527F4F730002EFEF0 /* b2EdgeAndCircleContact.cpp */ = {isa = PBXFileReference; fileEncoding = 4; lastKnownFileType = sourcecode.cpp.cpp; path = b2EdgeAndCircleContact.cpp; sourceTree = "<group>"; };
		4023E1D627F4F730002EFEF0 /* b2Contact.cpp */ = {isa = PBXFileReference; fileEncoding = 4; lastKnownFileType = sourcecode.cpp.cpp; path = b2Contact.cpp; sourceTree = "<group>"; };
		4023E1D727F4F730002EFEF0 /* b2WorldCallbacks.cpp */ = {isa = PBXFileReference; fileEncoding = 4; lastKnownFileType = sourcecode.cpp.cpp; path = b2WorldCallbacks.cpp; sourceTree = "<group>"; };
		4023E1D927F4F730002EFEF0 /* b2WeldJoint.cpp */ = {isa = PBXFileReference; fileEncoding = 4; lastKnownFileType = sourcecode.cpp.cpp; path = b2WeldJoint.cpp; sourceTree = "<group>"; };
		4023E1DA27F4F730002EFEF0 /* b2MouseJoint.cpp */ = {isa = PBXFileReference; fileEncoding = 4; lastKnownFileType = sourcecode.cpp.cpp; path = b2MouseJoint.cpp; sourceTree = "<group>"; };
		4023E1DB27F4F730002EFEF0 /* b2FrictionJoint.cpp */ = {isa = PBXFileReference; fileEncoding = 4; lastKnownFileType = sourcecode.cpp.cpp; path = b2FrictionJoint.cpp; sourceTree = "<group>"; };
		4023E1DC27F4F730002EFEF0 /* b2PrismaticJoint.h */ = {isa = PBXFileReference; fileEncoding = 4; lastKnownFileType = sourcecode.c.h; path = b2PrismaticJoint.h; sourceTree = "<group>"; };
		4023E1DD27F4F730002EFEF0 /* b2PulleyJoint.h */ = {isa = PBXFileReference; fileEncoding = 4; lastKnownFileType = sourcecode.c.h; path = b2PulleyJoint.h; sourceTree = "<group>"; };
		4023E1DE27F4F730002EFEF0 /* b2RopeJoint.h */ = {isa = PBXFileReference; fileEncoding = 4; lastKnownFileType = sourcecode.c.h; path = b2RopeJoint.h; sourceTree = "<group>"; };
		4023E1DF27F4F730002EFEF0 /* b2WeldJoint.h */ = {isa = PBXFileReference; fileEncoding = 4; lastKnownFileType = sourcecode.c.h; path = b2WeldJoint.h; sourceTree = "<group>"; };
		4023E1E027F4F730002EFEF0 /* b2GearJoint.h */ = {isa = PBXFileReference; fileEncoding = 4; lastKnownFileType = sourcecode.c.h; path = b2GearJoint.h; sourceTree = "<group>"; };
		4023E1E127F4F730002EFEF0 /* b2DistanceJoint.h */ = {isa = PBXFileReference; fileEncoding = 4; lastKnownFileType = sourcecode.c.h; path = b2DistanceJoint.h; sourceTree = "<group>"; };
		4023E1E227F4F730002EFEF0 /* b2MouseJoint.h */ = {isa = PBXFileReference; fileEncoding = 4; lastKnownFileType = sourcecode.c.h; path = b2MouseJoint.h; sourceTree = "<group>"; };
		4023E1E327F4F730002EFEF0 /* b2DistanceJoint.cpp */ = {isa = PBXFileReference; fileEncoding = 4; lastKnownFileType = sourcecode.cpp.cpp; path = b2DistanceJoint.cpp; sourceTree = "<group>"; };
		4023E1E427F4F730002EFEF0 /* b2WheelJoint.cpp */ = {isa = PBXFileReference; fileEncoding = 4; lastKnownFileType = sourcecode.cpp.cpp; path = b2WheelJoint.cpp; sourceTree = "<group>"; };
		4023E1E527F4F730002EFEF0 /* b2MotorJoint.cpp */ = {isa = PBXFileReference; fileEncoding = 4; lastKnownFileType = sourcecode.cpp.cpp; path = b2MotorJoint.cpp; sourceTree = "<group>"; };
		4023E1E627F4F730002EFEF0 /* b2Joint.h */ = {isa = PBXFileReference; fileEncoding = 4; lastKnownFileType = sourcecode.c.h; path = b2Joint.h; sourceTree = "<group>"; };
		4023E1E727F4F730002EFEF0 /* b2RevoluteJoint.h */ = {isa = PBXFileReference; fileEncoding = 4; lastKnownFileType = sourcecode.c.h; path = b2RevoluteJoint.h; sourceTree = "<group>"; };
		4023E1E827F4F730002EFEF0 /* b2RevoluteJoint.cpp */ = {isa = PBXFileReference; fileEncoding = 4; lastKnownFileType = sourcecode.cpp.cpp; path = b2RevoluteJoint.cpp; sourceTree = "<group>"; };
		4023E1E927F4F730002EFEF0 /* b2FrictionJoint.h */ = {isa = PBXFileReference; fileEncoding = 4; lastKnownFileType = sourcecode.c.h; path = b2FrictionJoint.h; sourceTree = "<group>"; };
		4023E1EA27F4F730002EFEF0 /* b2GearJoint.cpp */ = {isa = PBXFileReference; fileEncoding = 4; lastKnownFileType = sourcecode.cpp.cpp; path = b2GearJoint.cpp; sourceTree = "<group>"; };
		4023E1EB27F4F730002EFEF0 /* b2Joint.cpp */ = {isa = PBXFileReference; fileEncoding = 4; lastKnownFileType = sourcecode.cpp.cpp; path = b2Joint.cpp; sourceTree = "<group>"; };
		4023E1EC27F4F730002EFEF0 /* b2PrismaticJoint.cpp */ = {isa = PBXFileReference; fileEncoding = 4; lastKnownFileType = sourcecode.cpp.cpp; path = b2PrismaticJoint.cpp; sourceTree = "<group>"; };
		4023E1ED27F4F730002EFEF0 /* b2PulleyJoint.cpp */ = {isa = PBXFileReference; fileEncoding = 4; lastKnownFileType = sourcecode.cpp.cpp; path = b2PulleyJoint.cpp; sourceTree = "<group>"; };
		4023E1EE27F4F730002EFEF0 /* b2WheelJoint.h */ = {isa = PBXFileReference; fileEncoding = 4; lastKnownFileType = sourcecode.c.h; path = b2WheelJoint.h; sourceTree = "<group>"; };
		4023E1EF27F4F730002EFEF0 /* b2RopeJoint.cpp */ = {isa = PBXFileReference; fileEncoding = 4; lastKnownFileType = sourcecode.cpp.cpp; path = b2RopeJoint.cpp; sourceTree = "<group>"; };
		4023E1F027F4F730002EFEF0 /* b2MotorJoint.h */ = {isa = PBXFileReference; fileEncoding = 4; lastKnownFileType = sourcecode.c.h; path = b2MotorJoint.h; sourceTree = "<group>"; };
		4023E1F127F4F730002EFEF0 /* b2Body.h */ = {isa = PBXFileReference; fileEncoding = 4; lastKnownFileType = sourcecode.c.h; path = b2Body.h; sourceTree = "<group>"; };
		4023E1F227F4F730002EFEF0 /* b2Island.cpp */ = {isa = PBXFileReference; fileEncoding = 4; lastKnownFileType = sourcecode.cpp.cpp; path = b2Island.cpp; sourceTree = "<group>"; };
		4023E1F327F4F730002EFEF0 /* b2Fixture.h */ = {isa = PBXFileReference; fileEncoding = 4; lastKnownFileType = sourcecode.c.h; path = b2Fixture.h; sourceTree = "<group>"; };
		4023E1F427F4F730002EFEF0 /* b2TimeStep.h */ = {isa = PBXFileReference; fileEncoding = 4; lastKnownFileType = sourcecode.c.h; path = b2TimeStep.h; sourceTree = "<group>"; };
		4023E1F527F4F730002EFEF0 /* b2WorldCallbacks.h */ = {isa = PBXFileReference; fileEncoding = 4; lastKnownFileType = sourcecode.c.h; path = b2WorldCallbacks.h; sourceTree = "<group>"; };
		4023E1F627F4F730002EFEF0 /* b2ContactManager.h */ = {isa = PBXFileReference; fileEncoding = 4; lastKnownFileType = sourcecode.c.h; path = b2ContactManager.h; sourceTree = "<group>"; };
		4023E1F727F4F730002EFEF0 /* b2Island.h */ = {isa = PBXFileReference; fileEncoding = 4; lastKnownFileType = sourcecode.c.h; path = b2Island.h; sourceTree = "<group>"; };
		4023E1F827F4F730002EFEF0 /* b2ContactManager.cpp */ = {isa = PBXFileReference; fileEncoding = 4; lastKnownFileType = sourcecode.cpp.cpp; path = b2ContactManager.cpp; sourceTree = "<group>"; };
		4023E1F927F4F730002EFEF0 /* Box2D.h */ = {isa = PBXFileReference; fileEncoding = 4; lastKnownFileType = sourcecode.c.h; path = Box2D.h; sourceTree = "<group>"; };
		4023E1FB27F4F730002EFEF0 /* b2Rope.h */ = {isa = PBXFileReference; fileEncoding = 4; lastKnownFileType = sourcecode.c.h; path = b2Rope.h; sourceTree = "<group>"; };
		4023E1FC27F4F730002EFEF0 /* b2Rope.cpp */ = {isa = PBXFileReference; fileEncoding = 4; lastKnownFileType = sourcecode.cpp.cpp; path = b2Rope.cpp; sourceTree = "<group>"; };
		4023E1FE27F4F730002EFEF0 /* b2StackAllocator.h */ = {isa = PBXFileReference; fileEncoding = 4; lastKnownFileType = sourcecode.c.h; path = b2StackAllocator.h; sourceTree = "<group>"; };
		4023E1FF27F4F730002EFEF0 /* b2Draw.cpp */ = {isa = PBXFileReference; fileEncoding = 4; lastKnownFileType = sourcecode.cpp.cpp; path = b2Draw.cpp; sourceTree = "<group>"; };
		4023E20027F4F730002EFEF0 /* b2GrowableStack.h */ = {isa = PBXFileReference; fileEncoding = 4; lastKnownFileType = sourcecode.c.h; path = b2GrowableStack.h; sourceTree = "<group>"; };
		4023E20127F4F730002EFEF0 /* b2BlockAllocator.cpp */ = {isa = PBXFileReference; fileEncoding = 4; lastKnownFileType = sourcecode.cpp.cpp; path = b2BlockAllocator.cpp; sourceTree = "<group>"; };
		4023E20227F4F730002EFEF0 /* b2BlockAllocator.h */ = {isa = PBXFileReference; fileEncoding = 4; lastKnownFileType = sourcecode.c.h; path = b2BlockAllocator.h; sourceTree = "<group>"; };
		4023E20327F4F730002EFEF0 /* b2Settings.cpp */ = {isa = PBXFileReference; fileEncoding = 4; lastKnownFileType = sourcecode.cpp.cpp; path = b2Settings.cpp; sourceTree = "<group>"; };
		4023E20427F4F730002EFEF0 /* b2Timer.h */ = {isa = PBXFileReference; fileEncoding = 4; lastKnownFileType = sourcecode.c.h; path = b2Timer.h; sourceTree = "<group>"; };
		4023E20527F4F730002EFEF0 /* b2Timer.cpp */ = {isa = PBXFileReference; fileEncoding = 4; lastKnownFileType = sourcecode.cpp.cpp; path = b2Timer.cpp; sourceTree = "<group>"; };
		4023E20627F4F730002EFEF0 /* b2Math.h */ = {isa = PBXFileReference; fileEncoding = 4; lastKnownFileType = sourcecode.c.h; path = b2Math.h; sourceTree = "<group>"; };
		4023E20727F4F730002EFEF0 /* b2StackAllocator.cpp */ = {isa = PBXFileReference; fileEncoding = 4; lastKnownFileType = sourcecode.cpp.cpp; path = b2StackAllocator.cpp; sourceTree = "<group>"; };
		4023E20827F4F730002EFEF0 /* b2Math.cpp */ = {isa = PBXFileReference; fileEncoding = 4; lastKnownFileType = sourcecode.cpp.cpp; path = b2Math.cpp; sourceTree = "<group>"; };
		4023E20927F4F730002EFEF0 /* b2Draw.h */ = {isa = PBXFileReference; fileEncoding = 4; lastKnownFileType = sourcecode.c.h; path = b2Draw.h; sourceTree = "<group>"; };
		4023E20A27F4F730002EFEF0 /* b2Settings.h */ = {isa = PBXFileReference; fileEncoding = 4; lastKnownFileType = sourcecode.c.h; path = b2Settings.h; sourceTree = "<group>"; };
		4023E20C27F4F730002EFEF0 /* b2Collision.h */ = {isa = PBXFileReference; fileEncoding = 4; lastKnownFileType = sourcecode.c.h; path = b2Collision.h; sourceTree = "<group>"; };
		4023E20D27F4F730002EFEF0 /* b2Distance.cpp */ = {isa = PBXFileReference; fileEncoding = 4; lastKnownFileType = sourcecode.cpp.cpp; path = b2Distance.cpp; sourceTree = "<group>"; };
		4023E20E27F4F730002EFEF0 /* b2CollideCircle.cpp */ = {isa = PBXFileReference; fileEncoding = 4; lastKnownFileType = sourcecode.cpp.cpp; path = b2CollideCircle.cpp; sourceTree = "<group>"; };
		4023E20F27F4F730002EFEF0 /* b2CollidePolygon.cpp */ = {isa = PBXFileReference; fileEncoding = 4; lastKnownFileType = sourcecode.cpp.cpp; path = b2CollidePolygon.cpp; sourceTree = "<group>"; };
		4023E21027F4F730002EFEF0 /* b2DynamicTree.cpp */ = {isa = PBXFileReference; fileEncoding = 4; lastKnownFileType = sourcecode.cpp.cpp; path = b2DynamicTree.cpp; sourceTree = "<group>"; };
		4023E21127F4F730002EFEF0 /* b2DynamicTree.h */ = {isa = PBXFileReference; fileEncoding = 4; lastKnownFileType = sourcecode.c.h; path = b2DynamicTree.h; sourceTree = "<group>"; };
		4023E21327F4F730002EFEF0 /* b2ChainShape.cpp */ = {isa = PBXFileReference; fileEncoding = 4; lastKnownFileType = sourcecode.cpp.cpp; path = b2ChainShape.cpp; sourceTree = "<group>"; };
		4023E21427F4F730002EFEF0 /* b2PolygonShape.h */ = {isa = PBXFileReference; fileEncoding = 4; lastKnownFileType = sourcecode.c.h; path = b2PolygonShape.h; sourceTree = "<group>"; };
		4023E21527F4F730002EFEF0 /* b2Shape.h */ = {isa = PBXFileReference; fileEncoding = 4; lastKnownFileType = sourcecode.c.h; path = b2Shape.h; sourceTree = "<group>"; };
		4023E21627F4F730002EFEF0 /* b2ChainShape.h */ = {isa = PBXFileReference; fileEncoding = 4; lastKnownFileType = sourcecode.c.h; path = b2ChainShape.h; sourceTree = "<group>"; };
		4023E21727F4F730002EFEF0 /* b2EdgeShape.cpp */ = {isa = PBXFileReference; fileEncoding = 4; lastKnownFileType = sourcecode.cpp.cpp; path = b2EdgeShape.cpp; sourceTree = "<group>"; };
		4023E21827F4F730002EFEF0 /* b2CircleShape.cpp */ = {isa = PBXFileReference; fileEncoding = 4; lastKnownFileType = sourcecode.cpp.cpp; path = b2CircleShape.cpp; sourceTree = "<group>"; };
		4023E21927F4F730002EFEF0 /* b2PolygonShape.cpp */ = {isa = PBXFileReference; fileEncoding = 4; lastKnownFileType = sourcecode.cpp.cpp; path = b2PolygonShape.cpp; sourceTree = "<group>"; };
		4023E21A27F4F730002EFEF0 /* b2EdgeShape.h */ = {isa = PBXFileReference; fileEncoding = 4; lastKnownFileType = sourcecode.c.h; path = b2EdgeShape.h; sourceTree = "<group>"; };
		4023E21B27F4F730002EFEF0 /* b2CircleShape.h */ = {isa = PBXFileReference; fileEncoding = 4; lastKnownFileType = sourcecode.c.h; path = b2CircleShape.h; sourceTree = "<group>"; };
		4023E21C27F4F730002EFEF0 /* b2TimeOfImpact.h */ = {isa = PBXFileReference; fileEncoding = 4; lastKnownFileType = sourcecode.c.h; path = b2TimeOfImpact.h; sourceTree = "<group>"; };
		4023E21D27F4F730002EFEF0 /* b2TimeOfImpact.cpp */ = {isa = PBXFileReference; fileEncoding = 4; lastKnownFileType = sourcecode.cpp.cpp; path = b2TimeOfImpact.cpp; sourceTree = "<group>"; };
		4023E21E27F4F730002EFEF0 /* b2BroadPhase.cpp */ = {isa = PBXFileReference; fileEncoding = 4; lastKnownFileType = sourcecode.cpp.cpp; path = b2BroadPhase.cpp; sourceTree = "<group>"; };
		4023E21F27F4F730002EFEF0 /* b2BroadPhase.h */ = {isa = PBXFileReference; fileEncoding = 4; lastKnownFileType = sourcecode.c.h; path = b2BroadPhase.h; sourceTree = "<group>"; };
		4023E22027F4F730002EFEF0 /* b2Distance.h */ = {isa = PBXFileReference; fileEncoding = 4; lastKnownFileType = sourcecode.c.h; path = b2Distance.h; sourceTree = "<group>"; };
		4023E22127F4F730002EFEF0 /* b2CollideEdge.cpp */ = {isa = PBXFileReference; fileEncoding = 4; lastKnownFileType = sourcecode.cpp.cpp; path = b2CollideEdge.cpp; sourceTree = "<group>"; };
		4023E22227F4F730002EFEF0 /* b2Collision.cpp */ = {isa = PBXFileReference; fileEncoding = 4; lastKnownFileType = sourcecode.cpp.cpp; path = b2Collision.cpp; sourceTree = "<group>"; };
/* End PBXFileReference section */

/* Begin PBXFrameworksBuildPhase section */
		400F899027EC38680018E937 /* Frameworks */ = {
			isa = PBXFrameworksBuildPhase;
			buildActionMask = 2147483647;
			files = (
			);
			runOnlyForDeploymentPostprocessing = 0;
		};
/* End PBXFrameworksBuildPhase section */

/* Begin PBXGroup section */
		400F898A27EC38680018E937 = {
			isa = PBXGroup;
			children = (
				400F899527EC38680018E937 /* gl-pong-demo */,
				400F899427EC38680018E937 /* Products */,
			);
			sourceTree = "<group>";
		};
		400F899427EC38680018E937 /* Products */ = {
			isa = PBXGroup;
			children = (
				400F899327EC38680018E937 /* gl-pong-demo.app */,
			);
			name = Products;
			sourceTree = "<group>";
		};
		400F899527EC38680018E937 /* gl-pong-demo */ = {
			isa = PBXGroup;
			children = (
				400F89AA27EC39040018E937 /* vendor */,
				400F89BB27EC3D4A0018E937 /* res */,
				400F89B727EC3CB20018E937 /* core */,
				400F899627EC38680018E937 /* AppDelegate.swift */,
				400F899827EC38680018E937 /* SceneDelegate.swift */,
				400F899A27EC38680018E937 /* ViewController.swift */,
				400F899C27EC38680018E937 /* Main.storyboard */,
				400F89A127EC386A0018E937 /* LaunchScreen.storyboard */,
				400F899F27EC386A0018E937 /* Assets.xcassets */,
				400F89A427EC386A0018E937 /* Info.plist */,
				400F89B527EC3C260018E937 /* Assert.cpp */,
				400F89B427EC3C260018E937 /* Assert.hpp */,
				400F89B027EC3A7B0018E937 /* Scene.mm */,
				400F89B327EC3AA30018E937 /* Scene.h */,
				400F89AF27EC3A7B0018E937 /* gl-pong-demo-Bridging-Header.h */,
			);
			path = "gl-pong-demo";
			sourceTree = "<group>";
		};
		400F89AA27EC39040018E937 /* vendor */ = {
			isa = PBXGroup;
			children = (
				4023E1BE27F4F730002EFEF0 /* Box2D */,
				400F89AB27EC396A0018E937 /* glm */,
			);
			path = vendor;
			sourceTree = "<group>";
		};
		400F89B727EC3CB20018E937 /* core */ = {
			isa = PBXGroup;
			children = (
				400F89C927EC44870018E937 /* data */,
				400F89C127EC43F10018E937 /* Mesh.cpp */,
				400F89C227EC43F10018E937 /* Mesh.hpp */,
				400F89B827EC3CE30018E937 /* Shader.cpp */,
				400F89B927EC3CE30018E937 /* Shader.hpp */,
				400F89CB27EC4CB00018E937 /* PhysicsSolver.cpp */,
				400F89CC27EC4CB00018E937 /* PhysicsSolver.hpp */,
			);
			path = core;
			sourceTree = "<group>";
		};
		400F89BB27EC3D4A0018E937 /* res */ = {
			isa = PBXGroup;
			children = (
				400F89BC27EC3D4E0018E937 /* shaders */,
			);
			path = res;
			sourceTree = "<group>";
		};
		400F89BC27EC3D4E0018E937 /* shaders */ = {
			isa = PBXGroup;
			children = (
				400F89BE27EC3D710018E937 /* Shader.fsh */,
				400F89BD27EC3D710018E937 /* Shader.vsh */,
			);
			path = shaders;
			sourceTree = "<group>";
		};
		400F89C927EC44870018E937 /* data */ = {
			isa = PBXGroup;
			children = (
				400F89CA27EC44A80018E937 /* CubeData.h */,
			);
			path = data;
			sourceTree = "<group>";
		};
		4023E1BE27F4F730002EFEF0 /* Box2D */ = {
			isa = PBXGroup;
			children = (
				4023E1BF27F4F730002EFEF0 /* Dynamics */,
				4023E1F927F4F730002EFEF0 /* Box2D.h */,
				4023E1FA27F4F730002EFEF0 /* Rope */,
				4023E1FD27F4F730002EFEF0 /* Common */,
				4023E20B27F4F730002EFEF0 /* Collision */,
			);
			path = Box2D;
			sourceTree = "<group>";
		};
		4023E1BF27F4F730002EFEF0 /* Dynamics */ = {
			isa = PBXGroup;
			children = (
				4023E1C027F4F730002EFEF0 /* b2Body.cpp */,
				4023E1C127F4F730002EFEF0 /* b2World.cpp */,
				4023E1C227F4F730002EFEF0 /* b2Fixture.cpp */,
				4023E1C327F4F730002EFEF0 /* b2World.h */,
				4023E1C427F4F730002EFEF0 /* Contacts */,
				4023E1D727F4F730002EFEF0 /* b2WorldCallbacks.cpp */,
				4023E1D827F4F730002EFEF0 /* Joints */,
				4023E1F127F4F730002EFEF0 /* b2Body.h */,
				4023E1F227F4F730002EFEF0 /* b2Island.cpp */,
				4023E1F327F4F730002EFEF0 /* b2Fixture.h */,
				4023E1F427F4F730002EFEF0 /* b2TimeStep.h */,
				4023E1F527F4F730002EFEF0 /* b2WorldCallbacks.h */,
				4023E1F627F4F730002EFEF0 /* b2ContactManager.h */,
				4023E1F727F4F730002EFEF0 /* b2Island.h */,
				4023E1F827F4F730002EFEF0 /* b2ContactManager.cpp */,
			);
			path = Dynamics;
			sourceTree = "<group>";
		};
		4023E1C427F4F730002EFEF0 /* Contacts */ = {
			isa = PBXGroup;
			children = (
				4023E1C527F4F730002EFEF0 /* b2ContactSolver.h */,
				4023E1C627F4F730002EFEF0 /* b2ChainAndCircleContact.h */,
				4023E1C727F4F730002EFEF0 /* b2PolygonAndCircleContact.h */,
				4023E1C827F4F730002EFEF0 /* b2EdgeAndCircleContact.h */,
				4023E1C927F4F730002EFEF0 /* b2ChainAndPolygonContact.cpp */,
				4023E1CA27F4F730002EFEF0 /* b2EdgeAndPolygonContact.h */,
				4023E1CB27F4F730002EFEF0 /* b2EdgeAndPolygonContact.cpp */,
				4023E1CC27F4F730002EFEF0 /* b2ChainAndCircleContact.cpp */,
				4023E1CD27F4F730002EFEF0 /* b2PolygonAndCircleContact.cpp */,
				4023E1CE27F4F730002EFEF0 /* b2Contact.h */,
				4023E1CF27F4F730002EFEF0 /* b2PolygonContact.cpp */,
				4023E1D027F4F730002EFEF0 /* b2CircleContact.h */,
				4023E1D127F4F730002EFEF0 /* b2ChainAndPolygonContact.h */,
				4023E1D227F4F730002EFEF0 /* b2PolygonContact.h */,
				4023E1D327F4F730002EFEF0 /* b2ContactSolver.cpp */,
				4023E1D427F4F730002EFEF0 /* b2CircleContact.cpp */,
				4023E1D527F4F730002EFEF0 /* b2EdgeAndCircleContact.cpp */,
				4023E1D627F4F730002EFEF0 /* b2Contact.cpp */,
			);
			path = Contacts;
			sourceTree = "<group>";
		};
		4023E1D827F4F730002EFEF0 /* Joints */ = {
			isa = PBXGroup;
			children = (
				4023E1D927F4F730002EFEF0 /* b2WeldJoint.cpp */,
				4023E1DA27F4F730002EFEF0 /* b2MouseJoint.cpp */,
				4023E1DB27F4F730002EFEF0 /* b2FrictionJoint.cpp */,
				4023E1DC27F4F730002EFEF0 /* b2PrismaticJoint.h */,
				4023E1DD27F4F730002EFEF0 /* b2PulleyJoint.h */,
				4023E1DE27F4F730002EFEF0 /* b2RopeJoint.h */,
				4023E1DF27F4F730002EFEF0 /* b2WeldJoint.h */,
				4023E1E027F4F730002EFEF0 /* b2GearJoint.h */,
				4023E1E127F4F730002EFEF0 /* b2DistanceJoint.h */,
				4023E1E227F4F730002EFEF0 /* b2MouseJoint.h */,
				4023E1E327F4F730002EFEF0 /* b2DistanceJoint.cpp */,
				4023E1E427F4F730002EFEF0 /* b2WheelJoint.cpp */,
				4023E1E527F4F730002EFEF0 /* b2MotorJoint.cpp */,
				4023E1E627F4F730002EFEF0 /* b2Joint.h */,
				4023E1E727F4F730002EFEF0 /* b2RevoluteJoint.h */,
				4023E1E827F4F730002EFEF0 /* b2RevoluteJoint.cpp */,
				4023E1E927F4F730002EFEF0 /* b2FrictionJoint.h */,
				4023E1EA27F4F730002EFEF0 /* b2GearJoint.cpp */,
				4023E1EB27F4F730002EFEF0 /* b2Joint.cpp */,
				4023E1EC27F4F730002EFEF0 /* b2PrismaticJoint.cpp */,
				4023E1ED27F4F730002EFEF0 /* b2PulleyJoint.cpp */,
				4023E1EE27F4F730002EFEF0 /* b2WheelJoint.h */,
				4023E1EF27F4F730002EFEF0 /* b2RopeJoint.cpp */,
				4023E1F027F4F730002EFEF0 /* b2MotorJoint.h */,
			);
			path = Joints;
			sourceTree = "<group>";
		};
		4023E1FA27F4F730002EFEF0 /* Rope */ = {
			isa = PBXGroup;
			children = (
				4023E1FB27F4F730002EFEF0 /* b2Rope.h */,
				4023E1FC27F4F730002EFEF0 /* b2Rope.cpp */,
			);
			path = Rope;
			sourceTree = "<group>";
		};
		4023E1FD27F4F730002EFEF0 /* Common */ = {
			isa = PBXGroup;
			children = (
				4023E1FE27F4F730002EFEF0 /* b2StackAllocator.h */,
				4023E1FF27F4F730002EFEF0 /* b2Draw.cpp */,
				4023E20027F4F730002EFEF0 /* b2GrowableStack.h */,
				4023E20127F4F730002EFEF0 /* b2BlockAllocator.cpp */,
				4023E20227F4F730002EFEF0 /* b2BlockAllocator.h */,
				4023E20327F4F730002EFEF0 /* b2Settings.cpp */,
				4023E20427F4F730002EFEF0 /* b2Timer.h */,
				4023E20527F4F730002EFEF0 /* b2Timer.cpp */,
				4023E20627F4F730002EFEF0 /* b2Math.h */,
				4023E20727F4F730002EFEF0 /* b2StackAllocator.cpp */,
				4023E20827F4F730002EFEF0 /* b2Math.cpp */,
				4023E20927F4F730002EFEF0 /* b2Draw.h */,
				4023E20A27F4F730002EFEF0 /* b2Settings.h */,
			);
			path = Common;
			sourceTree = "<group>";
		};
		4023E20B27F4F730002EFEF0 /* Collision */ = {
			isa = PBXGroup;
			children = (
				4023E20C27F4F730002EFEF0 /* b2Collision.h */,
				4023E20D27F4F730002EFEF0 /* b2Distance.cpp */,
				4023E20E27F4F730002EFEF0 /* b2CollideCircle.cpp */,
				4023E20F27F4F730002EFEF0 /* b2CollidePolygon.cpp */,
				4023E21027F4F730002EFEF0 /* b2DynamicTree.cpp */,
				4023E21127F4F730002EFEF0 /* b2DynamicTree.h */,
				4023E21227F4F730002EFEF0 /* Shapes */,
				4023E21C27F4F730002EFEF0 /* b2TimeOfImpact.h */,
				4023E21D27F4F730002EFEF0 /* b2TimeOfImpact.cpp */,
				4023E21E27F4F730002EFEF0 /* b2BroadPhase.cpp */,
				4023E21F27F4F730002EFEF0 /* b2BroadPhase.h */,
				4023E22027F4F730002EFEF0 /* b2Distance.h */,
				4023E22127F4F730002EFEF0 /* b2CollideEdge.cpp */,
				4023E22227F4F730002EFEF0 /* b2Collision.cpp */,
			);
			path = Collision;
			sourceTree = "<group>";
		};
		4023E21227F4F730002EFEF0 /* Shapes */ = {
			isa = PBXGroup;
			children = (
				4023E21327F4F730002EFEF0 /* b2ChainShape.cpp */,
				4023E21427F4F730002EFEF0 /* b2PolygonShape.h */,
				4023E21527F4F730002EFEF0 /* b2Shape.h */,
				4023E21627F4F730002EFEF0 /* b2ChainShape.h */,
				4023E21727F4F730002EFEF0 /* b2EdgeShape.cpp */,
				4023E21827F4F730002EFEF0 /* b2CircleShape.cpp */,
				4023E21927F4F730002EFEF0 /* b2PolygonShape.cpp */,
				4023E21A27F4F730002EFEF0 /* b2EdgeShape.h */,
				4023E21B27F4F730002EFEF0 /* b2CircleShape.h */,
			);
			path = Shapes;
			sourceTree = "<group>";
		};
/* End PBXGroup section */

/* Begin PBXNativeTarget section */
		400F899227EC38680018E937 /* gl-pong-demo */ = {
			isa = PBXNativeTarget;
			buildConfigurationList = 400F89A727EC386A0018E937 /* Build configuration list for PBXNativeTarget "gl-pong-demo" */;
			buildPhases = (
				400F898F27EC38680018E937 /* Sources */,
				400F899027EC38680018E937 /* Frameworks */,
				400F899127EC38680018E937 /* Resources */,
			);
			buildRules = (
			);
			dependencies = (
			);
			name = "gl-pong-demo";
			productName = "gl-pong-demo";
			productReference = 400F899327EC38680018E937 /* gl-pong-demo.app */;
			productType = "com.apple.product-type.application";
		};
/* End PBXNativeTarget section */

/* Begin PBXProject section */
		400F898B27EC38680018E937 /* Project object */ = {
			isa = PBXProject;
			attributes = {
				BuildIndependentTargetsInParallel = 1;
				LastSwiftUpdateCheck = 1320;
				LastUpgradeCheck = 1320;
				TargetAttributes = {
					400F899227EC38680018E937 = {
						CreatedOnToolsVersion = 13.2.1;
						LastSwiftMigration = 1320;
					};
				};
			};
			buildConfigurationList = 400F898E27EC38680018E937 /* Build configuration list for PBXProject "gl-pong-demo" */;
			compatibilityVersion = "Xcode 13.0";
			developmentRegion = en;
			hasScannedForEncodings = 0;
			knownRegions = (
				en,
				Base,
			);
			mainGroup = 400F898A27EC38680018E937;
			productRefGroup = 400F899427EC38680018E937 /* Products */;
			projectDirPath = "";
			projectRoot = "";
			targets = (
				400F899227EC38680018E937 /* gl-pong-demo */,
			);
		};
/* End PBXProject section */

/* Begin PBXResourcesBuildPhase section */
		400F899127EC38680018E937 /* Resources */ = {
			isa = PBXResourcesBuildPhase;
			buildActionMask = 2147483647;
			files = (
				400F89A327EC386A0018E937 /* LaunchScreen.storyboard in Resources */,
				400F89A027EC386A0018E937 /* Assets.xcassets in Resources */,
				400F89BF27EC3D710018E937 /* Shader.vsh in Resources */,
				400F899E27EC38680018E937 /* Main.storyboard in Resources */,
				400F89C027EC3D710018E937 /* Shader.fsh in Resources */,
				400F89AC27EC396A0018E937 /* glm in Resources */,
			);
			runOnlyForDeploymentPostprocessing = 0;
		};
/* End PBXResourcesBuildPhase section */

/* Begin PBXSourcesBuildPhase section */
		400F898F27EC38680018E937 /* Sources */ = {
			isa = PBXSourcesBuildPhase;
			buildActionMask = 2147483647;
			files = (
				4023E23727F4F730002EFEF0 /* b2GearJoint.cpp in Sources */,
				4023E24F27F4F730002EFEF0 /* b2CollideEdge.cpp in Sources */,
				4023E23427F4F730002EFEF0 /* b2WheelJoint.cpp in Sources */,
				4023E23027F4F730002EFEF0 /* b2WeldJoint.cpp in Sources */,
				4023E23F27F4F730002EFEF0 /* b2Draw.cpp in Sources */,
				4023E23B27F4F730002EFEF0 /* b2RopeJoint.cpp in Sources */,
				4023E24927F4F730002EFEF0 /* b2ChainShape.cpp in Sources */,
				4023E24827F4F730002EFEF0 /* b2DynamicTree.cpp in Sources */,
				4023E24027F4F730002EFEF0 /* b2BlockAllocator.cpp in Sources */,
				4023E22C27F4F730002EFEF0 /* b2CircleContact.cpp in Sources */,
				4023E23827F4F730002EFEF0 /* b2Joint.cpp in Sources */,
				4023E23C27F4F730002EFEF0 /* b2Island.cpp in Sources */,
				4023E22B27F4F730002EFEF0 /* b2ContactSolver.cpp in Sources */,
				4023E22527F4F730002EFEF0 /* b2Fixture.cpp in Sources */,
				400F89B127EC3A7B0018E937 /* Scene.mm in Sources */,
				4023E22827F4F730002EFEF0 /* b2ChainAndCircleContact.cpp in Sources */,
				4023E24D27F4F730002EFEF0 /* b2TimeOfImpact.cpp in Sources */,
				4023E23927F4F730002EFEF0 /* b2PrismaticJoint.cpp in Sources */,
				400F899B27EC38680018E937 /* ViewController.swift in Sources */,
				4023E24E27F4F730002EFEF0 /* b2BroadPhase.cpp in Sources */,
				4023E22627F4F730002EFEF0 /* b2ChainAndPolygonContact.cpp in Sources */,
				4023E23527F4F730002EFEF0 /* b2MotorJoint.cpp in Sources */,
				4023E24227F4F730002EFEF0 /* b2Timer.cpp in Sources */,
				4023E22D27F4F730002EFEF0 /* b2EdgeAndCircleContact.cpp in Sources */,
				4023E24427F4F730002EFEF0 /* b2Math.cpp in Sources */,
				400F899727EC38680018E937 /* AppDelegate.swift in Sources */,
				4023E23227F4F730002EFEF0 /* b2FrictionJoint.cpp in Sources */,
				400F89C327EC43F10018E937 /* Mesh.cpp in Sources */,
				4023E23127F4F730002EFEF0 /* b2MouseJoint.cpp in Sources */,
				4023E24A27F4F730002EFEF0 /* b2EdgeShape.cpp in Sources */,
				4023E22E27F4F730002EFEF0 /* b2Contact.cpp in Sources */,
				4023E23E27F4F730002EFEF0 /* b2Rope.cpp in Sources */,
				400F89B627EC3C260018E937 /* Assert.cpp in Sources */,
				4023E23327F4F730002EFEF0 /* b2DistanceJoint.cpp in Sources */,
				4023E23D27F4F730002EFEF0 /* b2ContactManager.cpp in Sources */,
				4023E24527F4F730002EFEF0 /* b2Distance.cpp in Sources */,
				4023E24727F4F730002EFEF0 /* b2CollidePolygon.cpp in Sources */,
				4023E24627F4F730002EFEF0 /* b2CollideCircle.cpp in Sources */,
				4023E23A27F4F730002EFEF0 /* b2PulleyJoint.cpp in Sources */,
				4023E24C27F4F730002EFEF0 /* b2PolygonShape.cpp in Sources */,
				400F89BA27EC3CE30018E937 /* Shader.cpp in Sources */,
				4023E22F27F4F730002EFEF0 /* b2WorldCallbacks.cpp in Sources */,
				400F899927EC38680018E937 /* SceneDelegate.swift in Sources */,
				400F89CD27EC4CB00018E937 /* PhysicsSolver.cpp in Sources */,
				4023E23627F4F730002EFEF0 /* b2RevoluteJoint.cpp in Sources */,
				4023E22927F4F730002EFEF0 /* b2PolygonAndCircleContact.cpp in Sources */,
				4023E22427F4F730002EFEF0 /* b2World.cpp in Sources */,
				4023E22A27F4F730002EFEF0 /* b2PolygonContact.cpp in Sources */,
				4023E25027F4F730002EFEF0 /* b2Collision.cpp in Sources */,
				4023E24327F4F730002EFEF0 /* b2StackAllocator.cpp in Sources */,
				4023E22327F4F730002EFEF0 /* b2Body.cpp in Sources */,
				4023E24B27F4F730002EFEF0 /* b2CircleShape.cpp in Sources */,
				4023E22727F4F730002EFEF0 /* b2EdgeAndPolygonContact.cpp in Sources */,
				4023E24127F4F730002EFEF0 /* b2Settings.cpp in Sources */,
			);
			runOnlyForDeploymentPostprocessing = 0;
		};
/* End PBXSourcesBuildPhase section */

/* Begin PBXVariantGroup section */
		400F899C27EC38680018E937 /* Main.storyboard */ = {
			isa = PBXVariantGroup;
			children = (
				400F899D27EC38680018E937 /* Base */,
			);
			name = Main.storyboard;
			sourceTree = "<group>";
		};
		400F89A127EC386A0018E937 /* LaunchScreen.storyboard */ = {
			isa = PBXVariantGroup;
			children = (
				400F89A227EC386A0018E937 /* Base */,
			);
			name = LaunchScreen.storyboard;
			sourceTree = "<group>";
		};
/* End PBXVariantGroup section */

/* Begin XCBuildConfiguration section */
		400F89A527EC386A0018E937 /* Debug */ = {
			isa = XCBuildConfiguration;
			buildSettings = {
				ALWAYS_SEARCH_USER_PATHS = NO;
				CLANG_ANALYZER_NONNULL = YES;
				CLANG_ANALYZER_NUMBER_OBJECT_CONVERSION = YES_AGGRESSIVE;
				CLANG_CXX_LANGUAGE_STANDARD = "gnu++17";
				CLANG_CXX_LIBRARY = "libc++";
				CLANG_ENABLE_MODULES = YES;
				CLANG_ENABLE_OBJC_ARC = YES;
				CLANG_ENABLE_OBJC_WEAK = YES;
				CLANG_WARN_BLOCK_CAPTURE_AUTORELEASING = YES;
				CLANG_WARN_BOOL_CONVERSION = YES;
				CLANG_WARN_COMMA = YES;
				CLANG_WARN_CONSTANT_CONVERSION = YES;
				CLANG_WARN_DEPRECATED_OBJC_IMPLEMENTATIONS = YES;
				CLANG_WARN_DIRECT_OBJC_ISA_USAGE = YES_ERROR;
				CLANG_WARN_DOCUMENTATION_COMMENTS = YES;
				CLANG_WARN_EMPTY_BODY = YES;
				CLANG_WARN_ENUM_CONVERSION = YES;
				CLANG_WARN_INFINITE_RECURSION = YES;
				CLANG_WARN_INT_CONVERSION = YES;
				CLANG_WARN_NON_LITERAL_NULL_CONVERSION = YES;
				CLANG_WARN_OBJC_IMPLICIT_RETAIN_SELF = YES;
				CLANG_WARN_OBJC_LITERAL_CONVERSION = YES;
				CLANG_WARN_OBJC_ROOT_CLASS = YES_ERROR;
				CLANG_WARN_QUOTED_INCLUDE_IN_FRAMEWORK_HEADER = YES;
				CLANG_WARN_RANGE_LOOP_ANALYSIS = YES;
				CLANG_WARN_STRICT_PROTOTYPES = YES;
				CLANG_WARN_SUSPICIOUS_MOVE = YES;
				CLANG_WARN_UNGUARDED_AVAILABILITY = YES_AGGRESSIVE;
				CLANG_WARN_UNREACHABLE_CODE = YES;
				CLANG_WARN__DUPLICATE_METHOD_MATCH = YES;
				COPY_PHASE_STRIP = NO;
				DEBUG_INFORMATION_FORMAT = dwarf;
				ENABLE_STRICT_OBJC_MSGSEND = YES;
				ENABLE_TESTABILITY = YES;
				GCC_C_LANGUAGE_STANDARD = gnu11;
				GCC_DYNAMIC_NO_PIC = NO;
				GCC_NO_COMMON_BLOCKS = YES;
				GCC_OPTIMIZATION_LEVEL = 0;
				GCC_PREPROCESSOR_DEFINITIONS = (
					"DEBUG=1",
					"$(inherited)",
				);
				GCC_WARN_64_TO_32_BIT_CONVERSION = YES;
				GCC_WARN_ABOUT_RETURN_TYPE = YES_ERROR;
				GCC_WARN_UNDECLARED_SELECTOR = YES;
				GCC_WARN_UNINITIALIZED_AUTOS = YES_AGGRESSIVE;
				GCC_WARN_UNUSED_FUNCTION = YES;
				GCC_WARN_UNUSED_VARIABLE = YES;
				IPHONEOS_DEPLOYMENT_TARGET = 15.2;
				MTL_ENABLE_DEBUG_INFO = INCLUDE_SOURCE;
				MTL_FAST_MATH = YES;
				ONLY_ACTIVE_ARCH = YES;
				SDKROOT = iphoneos;
				SWIFT_ACTIVE_COMPILATION_CONDITIONS = DEBUG;
				SWIFT_OPTIMIZATION_LEVEL = "-Onone";
			};
			name = Debug;
		};
		400F89A627EC386A0018E937 /* Release */ = {
			isa = XCBuildConfiguration;
			buildSettings = {
				ALWAYS_SEARCH_USER_PATHS = NO;
				CLANG_ANALYZER_NONNULL = YES;
				CLANG_ANALYZER_NUMBER_OBJECT_CONVERSION = YES_AGGRESSIVE;
				CLANG_CXX_LANGUAGE_STANDARD = "gnu++17";
				CLANG_CXX_LIBRARY = "libc++";
				CLANG_ENABLE_MODULES = YES;
				CLANG_ENABLE_OBJC_ARC = YES;
				CLANG_ENABLE_OBJC_WEAK = YES;
				CLANG_WARN_BLOCK_CAPTURE_AUTORELEASING = YES;
				CLANG_WARN_BOOL_CONVERSION = YES;
				CLANG_WARN_COMMA = YES;
				CLANG_WARN_CONSTANT_CONVERSION = YES;
				CLANG_WARN_DEPRECATED_OBJC_IMPLEMENTATIONS = YES;
				CLANG_WARN_DIRECT_OBJC_ISA_USAGE = YES_ERROR;
				CLANG_WARN_DOCUMENTATION_COMMENTS = YES;
				CLANG_WARN_EMPTY_BODY = YES;
				CLANG_WARN_ENUM_CONVERSION = YES;
				CLANG_WARN_INFINITE_RECURSION = YES;
				CLANG_WARN_INT_CONVERSION = YES;
				CLANG_WARN_NON_LITERAL_NULL_CONVERSION = YES;
				CLANG_WARN_OBJC_IMPLICIT_RETAIN_SELF = YES;
				CLANG_WARN_OBJC_LITERAL_CONVERSION = YES;
				CLANG_WARN_OBJC_ROOT_CLASS = YES_ERROR;
				CLANG_WARN_QUOTED_INCLUDE_IN_FRAMEWORK_HEADER = YES;
				CLANG_WARN_RANGE_LOOP_ANALYSIS = YES;
				CLANG_WARN_STRICT_PROTOTYPES = YES;
				CLANG_WARN_SUSPICIOUS_MOVE = YES;
				CLANG_WARN_UNGUARDED_AVAILABILITY = YES_AGGRESSIVE;
				CLANG_WARN_UNREACHABLE_CODE = YES;
				CLANG_WARN__DUPLICATE_METHOD_MATCH = YES;
				COPY_PHASE_STRIP = NO;
				DEBUG_INFORMATION_FORMAT = "dwarf-with-dsym";
				ENABLE_NS_ASSERTIONS = NO;
				ENABLE_STRICT_OBJC_MSGSEND = YES;
				GCC_C_LANGUAGE_STANDARD = gnu11;
				GCC_NO_COMMON_BLOCKS = YES;
				GCC_WARN_64_TO_32_BIT_CONVERSION = YES;
				GCC_WARN_ABOUT_RETURN_TYPE = YES_ERROR;
				GCC_WARN_UNDECLARED_SELECTOR = YES;
				GCC_WARN_UNINITIALIZED_AUTOS = YES_AGGRESSIVE;
				GCC_WARN_UNUSED_FUNCTION = YES;
				GCC_WARN_UNUSED_VARIABLE = YES;
				IPHONEOS_DEPLOYMENT_TARGET = 15.2;
				MTL_ENABLE_DEBUG_INFO = NO;
				MTL_FAST_MATH = YES;
				SDKROOT = iphoneos;
				SWIFT_COMPILATION_MODE = wholemodule;
				SWIFT_OPTIMIZATION_LEVEL = "-O";
				VALIDATE_PRODUCT = YES;
			};
			name = Release;
		};
		400F89A827EC386A0018E937 /* Debug */ = {
			isa = XCBuildConfiguration;
			buildSettings = {
				ALWAYS_SEARCH_USER_PATHS = YES;
				ASSETCATALOG_COMPILER_APPICON_NAME = AppIcon;
				ASSETCATALOG_COMPILER_GLOBAL_ACCENT_COLOR_NAME = AccentColor;
				CLANG_ENABLE_MODULES = YES;
				CODE_SIGN_STYLE = Automatic;
				CURRENT_PROJECT_VERSION = 1;
				GCC_PREPROCESSOR_DEFINITIONS = (
					"DEBUG=1",
					"$(inherited)",
					"GLES_SILENCE_DEPRECATION=1",
				);
				GENERATE_INFOPLIST_FILE = YES;
				HEADER_SEARCH_PATHS = (
					"gl-pong-demo/vendor",
					"gl-pong-demo/vendor/glm/",
				);
				INFOPLIST_FILE = "gl-pong-demo/Info.plist";
				INFOPLIST_KEY_UIApplicationSupportsIndirectInputEvents = YES;
				INFOPLIST_KEY_UILaunchStoryboardName = LaunchScreen;
				INFOPLIST_KEY_UIMainStoryboardFile = Main;
				INFOPLIST_KEY_UISupportedInterfaceOrientations_iPad = "UIInterfaceOrientationPortrait UIInterfaceOrientationPortraitUpsideDown UIInterfaceOrientationLandscapeLeft UIInterfaceOrientationLandscapeRight";
				INFOPLIST_KEY_UISupportedInterfaceOrientations_iPhone = "UIInterfaceOrientationPortrait UIInterfaceOrientationLandscapeLeft UIInterfaceOrientationLandscapeRight";
				LD_RUNPATH_SEARCH_PATHS = (
					"$(inherited)",
					"@executable_path/Frameworks",
				);
				MARKETING_VERSION = 1.0;
				OTHER_CPLUSPLUSFLAGS = "$(OTHER_CFLAGS)";
				OTHER_LDFLAGS = "";
				PRODUCT_BUNDLE_IDENTIFIER = "ca.btechgames.gl-pong-demo";
				PRODUCT_NAME = "$(TARGET_NAME)";
				SWIFT_EMIT_LOC_STRINGS = YES;
				SWIFT_OBJC_BRIDGING_HEADER = "gl-pong-demo/gl-pong-demo-Bridging-Header.h";
				SWIFT_OPTIMIZATION_LEVEL = "-Onone";
				SWIFT_VERSION = 5.0;
				TARGETED_DEVICE_FAMILY = "1,2";
				USER_HEADER_SEARCH_PATHS = "";
			};
			name = Debug;
		};
		400F89A927EC386A0018E937 /* Release */ = {
			isa = XCBuildConfiguration;
			buildSettings = {
				ALWAYS_SEARCH_USER_PATHS = YES;
				ASSETCATALOG_COMPILER_APPICON_NAME = AppIcon;
				ASSETCATALOG_COMPILER_GLOBAL_ACCENT_COLOR_NAME = AccentColor;
				CLANG_ENABLE_MODULES = YES;
				CODE_SIGN_STYLE = Automatic;
				CURRENT_PROJECT_VERSION = 1;
				GCC_PREPROCESSOR_DEFINITIONS = "GLES_SILENCE_DEPRECATION=1";
				GENERATE_INFOPLIST_FILE = YES;
				HEADER_SEARCH_PATHS = (
					"gl-pong-demo/vendor",
					"gl-pong-demo/vendor/glm/",
				);
				INFOPLIST_FILE = "gl-pong-demo/Info.plist";
				INFOPLIST_KEY_UIApplicationSupportsIndirectInputEvents = YES;
				INFOPLIST_KEY_UILaunchStoryboardName = LaunchScreen;
				INFOPLIST_KEY_UIMainStoryboardFile = Main;
				INFOPLIST_KEY_UISupportedInterfaceOrientations_iPad = "UIInterfaceOrientationPortrait UIInterfaceOrientationPortraitUpsideDown UIInterfaceOrientationLandscapeLeft UIInterfaceOrientationLandscapeRight";
				INFOPLIST_KEY_UISupportedInterfaceOrientations_iPhone = "UIInterfaceOrientationPortrait UIInterfaceOrientationLandscapeLeft UIInterfaceOrientationLandscapeRight";
				LD_RUNPATH_SEARCH_PATHS = (
					"$(inherited)",
					"@executable_path/Frameworks",
				);
				MARKETING_VERSION = 1.0;
				OTHER_CPLUSPLUSFLAGS = "$(OTHER_CFLAGS)";
				OTHER_LDFLAGS = "";
				PRODUCT_BUNDLE_IDENTIFIER = "ca.btechgames.gl-pong-demo";
				PRODUCT_NAME = "$(TARGET_NAME)";
				SWIFT_EMIT_LOC_STRINGS = YES;
				SWIFT_OBJC_BRIDGING_HEADER = "gl-pong-demo/gl-pong-demo-Bridging-Header.h";
				SWIFT_VERSION = 5.0;
				TARGETED_DEVICE_FAMILY = "1,2";
				USER_HEADER_SEARCH_PATHS = "";
			};
			name = Release;
		};
/* End XCBuildConfiguration section */

/* Begin XCConfigurationList section */
		400F898E27EC38680018E937 /* Build configuration list for PBXProject "gl-pong-demo" */ = {
			isa = XCConfigurationList;
			buildConfigurations = (
				400F89A527EC386A0018E937 /* Debug */,
				400F89A627EC386A0018E937 /* Release */,
			);
			defaultConfigurationIsVisible = 0;
			defaultConfigurationName = Release;
		};
		400F89A727EC386A0018E937 /* Build configuration list for PBXNativeTarget "gl-pong-demo" */ = {
			isa = XCConfigurationList;
			buildConfigurations = (
				400F89A827EC386A0018E937 /* Debug */,
				400F89A927EC386A0018E937 /* Release */,
			);
			defaultConfigurationIsVisible = 0;
			defaultConfigurationName = Release;
		};
/* End XCConfigurationList section */
	};
	rootObject = 400F898B27EC38680018E937 /* Project object */;
}
