// !$*UTF8*$!
{
	archiveVersion = 1;
	classes = {
	};
	objectVersion = 55;
	objects = {

/* Begin PBXBuildFile section */
		4006C6C527F987EA0057D175 /* SpriteRenderer.cpp in Sources */ = {isa = PBXBuildFile; fileRef = 4006C6C327F987EA0057D175 /* SpriteRenderer.cpp */; };
		4006C6C827F9A94E0057D175 /* Ball.cpp in Sources */ = {isa = PBXBuildFile; fileRef = 4006C6C627F9A94E0057D175 /* Ball.cpp */; };
		400F899727EC38680018E937 /* AppDelegate.swift in Sources */ = {isa = PBXBuildFile; fileRef = 400F899627EC38680018E937 /* AppDelegate.swift */; };
		400F899927EC38680018E937 /* SceneDelegate.swift in Sources */ = {isa = PBXBuildFile; fileRef = 400F899827EC38680018E937 /* SceneDelegate.swift */; };
		400F899B27EC38680018E937 /* ViewController.swift in Sources */ = {isa = PBXBuildFile; fileRef = 400F899A27EC38680018E937 /* ViewController.swift */; };
		400F899E27EC38680018E937 /* Main.storyboard in Resources */ = {isa = PBXBuildFile; fileRef = 400F899C27EC38680018E937 /* Main.storyboard */; };
		400F89A027EC386A0018E937 /* Assets.xcassets in Resources */ = {isa = PBXBuildFile; fileRef = 400F899F27EC386A0018E937 /* Assets.xcassets */; };
		400F89A327EC386A0018E937 /* LaunchScreen.storyboard in Resources */ = {isa = PBXBuildFile; fileRef = 400F89A127EC386A0018E937 /* LaunchScreen.storyboard */; };
		400F89AC27EC396A0018E937 /* glm in Resources */ = {isa = PBXBuildFile; fileRef = 400F89AB27EC396A0018E937 /* glm */; };
		400F89B127EC3A7B0018E937 /* Scene.mm in Sources */ = {isa = PBXBuildFile; fileRef = 400F89B027EC3A7B0018E937 /* Scene.mm */; };
		400F89B627EC3C260018E937 /* Assert.cpp in Sources */ = {isa = PBXBuildFile; fileRef = 400F89B527EC3C260018E937 /* Assert.cpp */; };
		400F89BA27EC3CE30018E937 /* Shader.cpp in Sources */ = {isa = PBXBuildFile; fileRef = 400F89B827EC3CE30018E937 /* Shader.cpp */; };
		400F89BF27EC3D710018E937 /* Shader.vsh in Resources */ = {isa = PBXBuildFile; fileRef = 400F89BD27EC3D710018E937 /* Shader.vsh */; };
		400F89C027EC3D710018E937 /* Shader.fsh in Resources */ = {isa = PBXBuildFile; fileRef = 400F89BE27EC3D710018E937 /* Shader.fsh */; };
		400F89CD27EC4CB00018E937 /* PhysicsSolver.cpp in Sources */ = {isa = PBXBuildFile; fileRef = 400F89CB27EC4CB00018E937 /* PhysicsSolver.cpp */; };
		401D7F9C27FAB7ED0007B408 /* Circle.vsh in Resources */ = {isa = PBXBuildFile; fileRef = 401D7F9A27FAB7ED0007B408 /* Circle.vsh */; };
		401D7F9D27FAB7ED0007B408 /* Circle.fsh in Resources */ = {isa = PBXBuildFile; fileRef = 401D7F9B27FAB7ED0007B408 /* Circle.fsh */; };
		401D7FA227FAFD5B0007B408 /* CollisionHandler.cpp in Sources */ = {isa = PBXBuildFile; fileRef = 401D7FA027FAFD5B0007B408 /* CollisionHandler.cpp */; };
		402C093127F6D89E007EC63C /* b2Body.cpp in Sources */ = {isa = PBXBuildFile; fileRef = 402C08CE27F6D89E007EC63C /* b2Body.cpp */; };
		402C093227F6D89E007EC63C /* b2World.cpp in Sources */ = {isa = PBXBuildFile; fileRef = 402C08CF27F6D89E007EC63C /* b2World.cpp */; };
		402C093327F6D89E007EC63C /* b2Fixture.cpp in Sources */ = {isa = PBXBuildFile; fileRef = 402C08D027F6D89E007EC63C /* b2Fixture.cpp */; };
		402C093427F6D89E007EC63C /* b2ChainAndPolygonContact.cpp in Sources */ = {isa = PBXBuildFile; fileRef = 402C08D727F6D89E007EC63C /* b2ChainAndPolygonContact.cpp */; };
		402C093527F6D89E007EC63C /* b2EdgeAndPolygonContact.cpp in Sources */ = {isa = PBXBuildFile; fileRef = 402C08D927F6D89E007EC63C /* b2EdgeAndPolygonContact.cpp */; };
		402C093627F6D89E007EC63C /* b2ChainAndCircleContact.cpp in Sources */ = {isa = PBXBuildFile; fileRef = 402C08DA27F6D89E007EC63C /* b2ChainAndCircleContact.cpp */; };
		402C093727F6D89E007EC63C /* b2PolygonAndCircleContact.cpp in Sources */ = {isa = PBXBuildFile; fileRef = 402C08DB27F6D89E007EC63C /* b2PolygonAndCircleContact.cpp */; };
		402C093827F6D89E007EC63C /* b2PolygonContact.cpp in Sources */ = {isa = PBXBuildFile; fileRef = 402C08DD27F6D89E007EC63C /* b2PolygonContact.cpp */; };
		402C093927F6D89E007EC63C /* b2ContactSolver.cpp in Sources */ = {isa = PBXBuildFile; fileRef = 402C08E127F6D89E007EC63C /* b2ContactSolver.cpp */; };
		402C093A27F6D89E007EC63C /* b2CircleContact.cpp in Sources */ = {isa = PBXBuildFile; fileRef = 402C08E227F6D89E007EC63C /* b2CircleContact.cpp */; };
		402C093B27F6D89E007EC63C /* b2EdgeAndCircleContact.cpp in Sources */ = {isa = PBXBuildFile; fileRef = 402C08E327F6D89E007EC63C /* b2EdgeAndCircleContact.cpp */; };
		402C093C27F6D89E007EC63C /* b2Contact.cpp in Sources */ = {isa = PBXBuildFile; fileRef = 402C08E427F6D89E007EC63C /* b2Contact.cpp */; };
		402C093D27F6D89E007EC63C /* b2WorldCallbacks.cpp in Sources */ = {isa = PBXBuildFile; fileRef = 402C08E527F6D89E007EC63C /* b2WorldCallbacks.cpp */; };
		402C093E27F6D89E007EC63C /* b2WeldJoint.cpp in Sources */ = {isa = PBXBuildFile; fileRef = 402C08E727F6D89E007EC63C /* b2WeldJoint.cpp */; };
		402C093F27F6D89E007EC63C /* b2MouseJoint.cpp in Sources */ = {isa = PBXBuildFile; fileRef = 402C08E827F6D89E007EC63C /* b2MouseJoint.cpp */; };
		402C094027F6D89E007EC63C /* b2FrictionJoint.cpp in Sources */ = {isa = PBXBuildFile; fileRef = 402C08E927F6D89E007EC63C /* b2FrictionJoint.cpp */; };
		402C094127F6D89E007EC63C /* b2DistanceJoint.cpp in Sources */ = {isa = PBXBuildFile; fileRef = 402C08F127F6D89E007EC63C /* b2DistanceJoint.cpp */; };
		402C094227F6D89E007EC63C /* b2WheelJoint.cpp in Sources */ = {isa = PBXBuildFile; fileRef = 402C08F227F6D89E007EC63C /* b2WheelJoint.cpp */; };
		402C094327F6D89E007EC63C /* b2MotorJoint.cpp in Sources */ = {isa = PBXBuildFile; fileRef = 402C08F327F6D89E007EC63C /* b2MotorJoint.cpp */; };
		402C094427F6D89E007EC63C /* b2RevoluteJoint.cpp in Sources */ = {isa = PBXBuildFile; fileRef = 402C08F627F6D89E007EC63C /* b2RevoluteJoint.cpp */; };
		402C094527F6D89E007EC63C /* b2GearJoint.cpp in Sources */ = {isa = PBXBuildFile; fileRef = 402C08F827F6D89E007EC63C /* b2GearJoint.cpp */; };
		402C094627F6D89E007EC63C /* b2Joint.cpp in Sources */ = {isa = PBXBuildFile; fileRef = 402C08F927F6D89E007EC63C /* b2Joint.cpp */; };
		402C094727F6D89E007EC63C /* b2PrismaticJoint.cpp in Sources */ = {isa = PBXBuildFile; fileRef = 402C08FA27F6D89E007EC63C /* b2PrismaticJoint.cpp */; };
		402C094827F6D89E007EC63C /* b2PulleyJoint.cpp in Sources */ = {isa = PBXBuildFile; fileRef = 402C08FB27F6D89E007EC63C /* b2PulleyJoint.cpp */; };
		402C094927F6D89E007EC63C /* b2RopeJoint.cpp in Sources */ = {isa = PBXBuildFile; fileRef = 402C08FD27F6D89E007EC63C /* b2RopeJoint.cpp */; };
		402C094A27F6D89E007EC63C /* b2Island.cpp in Sources */ = {isa = PBXBuildFile; fileRef = 402C090027F6D89E007EC63C /* b2Island.cpp */; };
		402C094B27F6D89E007EC63C /* b2ContactManager.cpp in Sources */ = {isa = PBXBuildFile; fileRef = 402C090627F6D89E007EC63C /* b2ContactManager.cpp */; };
		402C094C27F6D89E007EC63C /* b2Rope.cpp in Sources */ = {isa = PBXBuildFile; fileRef = 402C090A27F6D89E007EC63C /* b2Rope.cpp */; };
		402C094D27F6D89E007EC63C /* b2Draw.cpp in Sources */ = {isa = PBXBuildFile; fileRef = 402C090D27F6D89E007EC63C /* b2Draw.cpp */; };
		402C094E27F6D89E007EC63C /* b2BlockAllocator.cpp in Sources */ = {isa = PBXBuildFile; fileRef = 402C090F27F6D89E007EC63C /* b2BlockAllocator.cpp */; };
		402C094F27F6D89E007EC63C /* b2Settings.cpp in Sources */ = {isa = PBXBuildFile; fileRef = 402C091127F6D89E007EC63C /* b2Settings.cpp */; };
		402C095027F6D89E007EC63C /* b2Timer.cpp in Sources */ = {isa = PBXBuildFile; fileRef = 402C091327F6D89E007EC63C /* b2Timer.cpp */; };
		402C095127F6D89E007EC63C /* b2StackAllocator.cpp in Sources */ = {isa = PBXBuildFile; fileRef = 402C091527F6D89E007EC63C /* b2StackAllocator.cpp */; };
		402C095227F6D89E007EC63C /* b2Math.cpp in Sources */ = {isa = PBXBuildFile; fileRef = 402C091627F6D89E007EC63C /* b2Math.cpp */; };
		402C095327F6D89E007EC63C /* b2Distance.cpp in Sources */ = {isa = PBXBuildFile; fileRef = 402C091B27F6D89E007EC63C /* b2Distance.cpp */; };
		402C095427F6D89E007EC63C /* b2CollideCircle.cpp in Sources */ = {isa = PBXBuildFile; fileRef = 402C091C27F6D89E007EC63C /* b2CollideCircle.cpp */; };
		402C095527F6D89E007EC63C /* b2CollidePolygon.cpp in Sources */ = {isa = PBXBuildFile; fileRef = 402C091D27F6D89E007EC63C /* b2CollidePolygon.cpp */; };
		402C095627F6D89E007EC63C /* b2DynamicTree.cpp in Sources */ = {isa = PBXBuildFile; fileRef = 402C091E27F6D89E007EC63C /* b2DynamicTree.cpp */; };
		402C095727F6D89E007EC63C /* b2ChainShape.cpp in Sources */ = {isa = PBXBuildFile; fileRef = 402C092127F6D89E007EC63C /* b2ChainShape.cpp */; };
		402C095827F6D89E007EC63C /* b2EdgeShape.cpp in Sources */ = {isa = PBXBuildFile; fileRef = 402C092527F6D89E007EC63C /* b2EdgeShape.cpp */; };
		402C095927F6D89E007EC63C /* b2CircleShape.cpp in Sources */ = {isa = PBXBuildFile; fileRef = 402C092627F6D89E007EC63C /* b2CircleShape.cpp */; };
		402C095A27F6D89E007EC63C /* b2PolygonShape.cpp in Sources */ = {isa = PBXBuildFile; fileRef = 402C092727F6D89E007EC63C /* b2PolygonShape.cpp */; };
		402C095B27F6D89E007EC63C /* b2TimeOfImpact.cpp in Sources */ = {isa = PBXBuildFile; fileRef = 402C092B27F6D89E007EC63C /* b2TimeOfImpact.cpp */; };
		402C095C27F6D89E007EC63C /* b2BroadPhase.cpp in Sources */ = {isa = PBXBuildFile; fileRef = 402C092C27F6D89E007EC63C /* b2BroadPhase.cpp */; };
		402C095D27F6D89E007EC63C /* b2CollideEdge.cpp in Sources */ = {isa = PBXBuildFile; fileRef = 402C092F27F6D89E007EC63C /* b2CollideEdge.cpp */; };
		402C095E27F6D89E007EC63C /* b2Collision.cpp in Sources */ = {isa = PBXBuildFile; fileRef = 402C093027F6D89E007EC63C /* b2Collision.cpp */; };
		402C09F527F6DEBF007EC63C /* Paddle.cpp in Sources */ = {isa = PBXBuildFile; fileRef = 402C09F327F6DEBF007EC63C /* Paddle.cpp */; };
/* End PBXBuildFile section */

/* Begin PBXFileReference section */
		4006C6C327F987EA0057D175 /* SpriteRenderer.cpp */ = {isa = PBXFileReference; lastKnownFileType = sourcecode.cpp.cpp; path = SpriteRenderer.cpp; sourceTree = "<group>"; };
		4006C6C427F987EA0057D175 /* SpriteRenderer.hpp */ = {isa = PBXFileReference; lastKnownFileType = sourcecode.cpp.h; path = SpriteRenderer.hpp; sourceTree = "<group>"; };
		4006C6C627F9A94E0057D175 /* Ball.cpp */ = {isa = PBXFileReference; lastKnownFileType = sourcecode.cpp.cpp; path = Ball.cpp; sourceTree = "<group>"; };
		4006C6C727F9A94E0057D175 /* Ball.hpp */ = {isa = PBXFileReference; lastKnownFileType = sourcecode.cpp.h; path = Ball.hpp; sourceTree = "<group>"; };
		400F899327EC38680018E937 /* gl-pong-demo.app */ = {isa = PBXFileReference; explicitFileType = wrapper.application; includeInIndex = 0; path = "gl-pong-demo.app"; sourceTree = BUILT_PRODUCTS_DIR; };
		400F899627EC38680018E937 /* AppDelegate.swift */ = {isa = PBXFileReference; lastKnownFileType = sourcecode.swift; path = AppDelegate.swift; sourceTree = "<group>"; };
		400F899827EC38680018E937 /* SceneDelegate.swift */ = {isa = PBXFileReference; lastKnownFileType = sourcecode.swift; path = SceneDelegate.swift; sourceTree = "<group>"; };
		400F899A27EC38680018E937 /* ViewController.swift */ = {isa = PBXFileReference; lastKnownFileType = sourcecode.swift; path = ViewController.swift; sourceTree = "<group>"; };
		400F899D27EC38680018E937 /* Base */ = {isa = PBXFileReference; lastKnownFileType = file.storyboard; name = Base; path = Base.lproj/Main.storyboard; sourceTree = "<group>"; };
		400F899F27EC386A0018E937 /* Assets.xcassets */ = {isa = PBXFileReference; lastKnownFileType = folder.assetcatalog; path = Assets.xcassets; sourceTree = "<group>"; };
		400F89A227EC386A0018E937 /* Base */ = {isa = PBXFileReference; lastKnownFileType = file.storyboard; name = Base; path = Base.lproj/LaunchScreen.storyboard; sourceTree = "<group>"; };
		400F89A427EC386A0018E937 /* Info.plist */ = {isa = PBXFileReference; lastKnownFileType = text.plist.xml; path = Info.plist; sourceTree = "<group>"; };
		400F89AB27EC396A0018E937 /* glm */ = {isa = PBXFileReference; lastKnownFileType = folder; path = glm; sourceTree = "<group>"; };
		400F89AF27EC3A7B0018E937 /* gl-pong-demo-Bridging-Header.h */ = {isa = PBXFileReference; lastKnownFileType = sourcecode.c.h; path = "gl-pong-demo-Bridging-Header.h"; sourceTree = "<group>"; };
		400F89B027EC3A7B0018E937 /* Scene.mm */ = {isa = PBXFileReference; lastKnownFileType = sourcecode.cpp.objcpp; path = Scene.mm; sourceTree = "<group>"; };
		400F89B327EC3AA30018E937 /* Scene.h */ = {isa = PBXFileReference; lastKnownFileType = sourcecode.c.h; path = Scene.h; sourceTree = "<group>"; };
		400F89B427EC3C260018E937 /* Assert.hpp */ = {isa = PBXFileReference; fileEncoding = 4; lastKnownFileType = sourcecode.cpp.h; path = Assert.hpp; sourceTree = "<group>"; };
		400F89B527EC3C260018E937 /* Assert.cpp */ = {isa = PBXFileReference; fileEncoding = 4; lastKnownFileType = sourcecode.cpp.cpp; path = Assert.cpp; sourceTree = "<group>"; };
		400F89B827EC3CE30018E937 /* Shader.cpp */ = {isa = PBXFileReference; fileEncoding = 4; lastKnownFileType = sourcecode.cpp.cpp; path = Shader.cpp; sourceTree = "<group>"; };
		400F89B927EC3CE30018E937 /* Shader.hpp */ = {isa = PBXFileReference; fileEncoding = 4; lastKnownFileType = sourcecode.cpp.h; path = Shader.hpp; sourceTree = "<group>"; };
		400F89BD27EC3D710018E937 /* Shader.vsh */ = {isa = PBXFileReference; fileEncoding = 4; lastKnownFileType = sourcecode.glsl; path = Shader.vsh; sourceTree = "<group>"; };
		400F89BE27EC3D710018E937 /* Shader.fsh */ = {isa = PBXFileReference; fileEncoding = 4; lastKnownFileType = sourcecode.glsl; path = Shader.fsh; sourceTree = "<group>"; };
		400F89CB27EC4CB00018E937 /* PhysicsSolver.cpp */ = {isa = PBXFileReference; lastKnownFileType = sourcecode.cpp.cpp; path = PhysicsSolver.cpp; sourceTree = "<group>"; };
		400F89CC27EC4CB00018E937 /* PhysicsSolver.hpp */ = {isa = PBXFileReference; lastKnownFileType = sourcecode.cpp.h; path = PhysicsSolver.hpp; sourceTree = "<group>"; };
		401D7F9A27FAB7ED0007B408 /* Circle.vsh */ = {isa = PBXFileReference; fileEncoding = 4; lastKnownFileType = sourcecode.glsl; path = Circle.vsh; sourceTree = "<group>"; };
		401D7F9B27FAB7ED0007B408 /* Circle.fsh */ = {isa = PBXFileReference; fileEncoding = 4; lastKnownFileType = sourcecode.glsl; path = Circle.fsh; sourceTree = "<group>"; };
		401D7F9F27FAF10F0007B408 /* ScaledVertexData.hpp */ = {isa = PBXFileReference; explicitFileType = sourcecode.cpp.h; path = ScaledVertexData.hpp; sourceTree = "<group>"; };
		401D7FA027FAFD5B0007B408 /* CollisionHandler.cpp */ = {isa = PBXFileReference; lastKnownFileType = sourcecode.cpp.cpp; path = CollisionHandler.cpp; sourceTree = "<group>"; };
		401D7FA127FAFD5B0007B408 /* CollisionHandler.hpp */ = {isa = PBXFileReference; lastKnownFileType = sourcecode.cpp.h; path = CollisionHandler.hpp; sourceTree = "<group>"; };
		402C08CE27F6D89E007EC63C /* b2Body.cpp */ = {isa = PBXFileReference; fileEncoding = 4; lastKnownFileType = sourcecode.cpp.cpp; path = b2Body.cpp; sourceTree = "<group>"; };
		402C08CF27F6D89E007EC63C /* b2World.cpp */ = {isa = PBXFileReference; fileEncoding = 4; lastKnownFileType = sourcecode.cpp.cpp; path = b2World.cpp; sourceTree = "<group>"; };
		402C08D027F6D89E007EC63C /* b2Fixture.cpp */ = {isa = PBXFileReference; fileEncoding = 4; lastKnownFileType = sourcecode.cpp.cpp; path = b2Fixture.cpp; sourceTree = "<group>"; };
		402C08D127F6D89E007EC63C /* b2World.h */ = {isa = PBXFileReference; fileEncoding = 4; lastKnownFileType = sourcecode.c.h; path = b2World.h; sourceTree = "<group>"; };
		402C08D327F6D89E007EC63C /* b2ContactSolver.h */ = {isa = PBXFileReference; fileEncoding = 4; lastKnownFileType = sourcecode.c.h; path = b2ContactSolver.h; sourceTree = "<group>"; };
		402C08D427F6D89E007EC63C /* b2ChainAndCircleContact.h */ = {isa = PBXFileReference; fileEncoding = 4; lastKnownFileType = sourcecode.c.h; path = b2ChainAndCircleContact.h; sourceTree = "<group>"; };
		402C08D527F6D89E007EC63C /* b2PolygonAndCircleContact.h */ = {isa = PBXFileReference; fileEncoding = 4; lastKnownFileType = sourcecode.c.h; path = b2PolygonAndCircleContact.h; sourceTree = "<group>"; };
		402C08D627F6D89E007EC63C /* b2EdgeAndCircleContact.h */ = {isa = PBXFileReference; fileEncoding = 4; lastKnownFileType = sourcecode.c.h; path = b2EdgeAndCircleContact.h; sourceTree = "<group>"; };
		402C08D727F6D89E007EC63C /* b2ChainAndPolygonContact.cpp */ = {isa = PBXFileReference; fileEncoding = 4; lastKnownFileType = sourcecode.cpp.cpp; path = b2ChainAndPolygonContact.cpp; sourceTree = "<group>"; };
		402C08D827F6D89E007EC63C /* b2EdgeAndPolygonContact.h */ = {isa = PBXFileReference; fileEncoding = 4; lastKnownFileType = sourcecode.c.h; path = b2EdgeAndPolygonContact.h; sourceTree = "<group>"; };
		402C08D927F6D89E007EC63C /* b2EdgeAndPolygonContact.cpp */ = {isa = PBXFileReference; fileEncoding = 4; lastKnownFileType = sourcecode.cpp.cpp; path = b2EdgeAndPolygonContact.cpp; sourceTree = "<group>"; };
		402C08DA27F6D89E007EC63C /* b2ChainAndCircleContact.cpp */ = {isa = PBXFileReference; fileEncoding = 4; lastKnownFileType = sourcecode.cpp.cpp; path = b2ChainAndCircleContact.cpp; sourceTree = "<group>"; };
		402C08DB27F6D89E007EC63C /* b2PolygonAndCircleContact.cpp */ = {isa = PBXFileReference; fileEncoding = 4; lastKnownFileType = sourcecode.cpp.cpp; path = b2PolygonAndCircleContact.cpp; sourceTree = "<group>"; };
		402C08DC27F6D89E007EC63C /* b2Contact.h */ = {isa = PBXFileReference; fileEncoding = 4; lastKnownFileType = sourcecode.c.h; path = b2Contact.h; sourceTree = "<group>"; };
		402C08DD27F6D89E007EC63C /* b2PolygonContact.cpp */ = {isa = PBXFileReference; fileEncoding = 4; lastKnownFileType = sourcecode.cpp.cpp; path = b2PolygonContact.cpp; sourceTree = "<group>"; };
		402C08DE27F6D89E007EC63C /* b2CircleContact.h */ = {isa = PBXFileReference; fileEncoding = 4; lastKnownFileType = sourcecode.c.h; path = b2CircleContact.h; sourceTree = "<group>"; };
		402C08DF27F6D89E007EC63C /* b2ChainAndPolygonContact.h */ = {isa = PBXFileReference; fileEncoding = 4; lastKnownFileType = sourcecode.c.h; path = b2ChainAndPolygonContact.h; sourceTree = "<group>"; };
		402C08E027F6D89E007EC63C /* b2PolygonContact.h */ = {isa = PBXFileReference; fileEncoding = 4; lastKnownFileType = sourcecode.c.h; path = b2PolygonContact.h; sourceTree = "<group>"; };
		402C08E127F6D89E007EC63C /* b2ContactSolver.cpp */ = {isa = PBXFileReference; fileEncoding = 4; lastKnownFileType = sourcecode.cpp.cpp; path = b2ContactSolver.cpp; sourceTree = "<group>"; };
		402C08E227F6D89E007EC63C /* b2CircleContact.cpp */ = {isa = PBXFileReference; fileEncoding = 4; lastKnownFileType = sourcecode.cpp.cpp; path = b2CircleContact.cpp; sourceTree = "<group>"; };
		402C08E327F6D89E007EC63C /* b2EdgeAndCircleContact.cpp */ = {isa = PBXFileReference; fileEncoding = 4; lastKnownFileType = sourcecode.cpp.cpp; path = b2EdgeAndCircleContact.cpp; sourceTree = "<group>"; };
		402C08E427F6D89E007EC63C /* b2Contact.cpp */ = {isa = PBXFileReference; fileEncoding = 4; lastKnownFileType = sourcecode.cpp.cpp; path = b2Contact.cpp; sourceTree = "<group>"; };
		402C08E527F6D89E007EC63C /* b2WorldCallbacks.cpp */ = {isa = PBXFileReference; fileEncoding = 4; lastKnownFileType = sourcecode.cpp.cpp; path = b2WorldCallbacks.cpp; sourceTree = "<group>"; };
		402C08E727F6D89E007EC63C /* b2WeldJoint.cpp */ = {isa = PBXFileReference; fileEncoding = 4; lastKnownFileType = sourcecode.cpp.cpp; path = b2WeldJoint.cpp; sourceTree = "<group>"; };
		402C08E827F6D89E007EC63C /* b2MouseJoint.cpp */ = {isa = PBXFileReference; fileEncoding = 4; lastKnownFileType = sourcecode.cpp.cpp; path = b2MouseJoint.cpp; sourceTree = "<group>"; };
		402C08E927F6D89E007EC63C /* b2FrictionJoint.cpp */ = {isa = PBXFileReference; fileEncoding = 4; lastKnownFileType = sourcecode.cpp.cpp; path = b2FrictionJoint.cpp; sourceTree = "<group>"; };
		402C08EA27F6D89E007EC63C /* b2PrismaticJoint.h */ = {isa = PBXFileReference; fileEncoding = 4; lastKnownFileType = sourcecode.c.h; path = b2PrismaticJoint.h; sourceTree = "<group>"; };
		402C08EB27F6D89E007EC63C /* b2PulleyJoint.h */ = {isa = PBXFileReference; fileEncoding = 4; lastKnownFileType = sourcecode.c.h; path = b2PulleyJoint.h; sourceTree = "<group>"; };
		402C08EC27F6D89E007EC63C /* b2RopeJoint.h */ = {isa = PBXFileReference; fileEncoding = 4; lastKnownFileType = sourcecode.c.h; path = b2RopeJoint.h; sourceTree = "<group>"; };
		402C08ED27F6D89E007EC63C /* b2WeldJoint.h */ = {isa = PBXFileReference; fileEncoding = 4; lastKnownFileType = sourcecode.c.h; path = b2WeldJoint.h; sourceTree = "<group>"; };
		402C08EE27F6D89E007EC63C /* b2GearJoint.h */ = {isa = PBXFileReference; fileEncoding = 4; lastKnownFileType = sourcecode.c.h; path = b2GearJoint.h; sourceTree = "<group>"; };
		402C08EF27F6D89E007EC63C /* b2DistanceJoint.h */ = {isa = PBXFileReference; fileEncoding = 4; lastKnownFileType = sourcecode.c.h; path = b2DistanceJoint.h; sourceTree = "<group>"; };
		402C08F027F6D89E007EC63C /* b2MouseJoint.h */ = {isa = PBXFileReference; fileEncoding = 4; lastKnownFileType = sourcecode.c.h; path = b2MouseJoint.h; sourceTree = "<group>"; };
		402C08F127F6D89E007EC63C /* b2DistanceJoint.cpp */ = {isa = PBXFileReference; fileEncoding = 4; lastKnownFileType = sourcecode.cpp.cpp; path = b2DistanceJoint.cpp; sourceTree = "<group>"; };
		402C08F227F6D89E007EC63C /* b2WheelJoint.cpp */ = {isa = PBXFileReference; fileEncoding = 4; lastKnownFileType = sourcecode.cpp.cpp; path = b2WheelJoint.cpp; sourceTree = "<group>"; };
		402C08F327F6D89E007EC63C /* b2MotorJoint.cpp */ = {isa = PBXFileReference; fileEncoding = 4; lastKnownFileType = sourcecode.cpp.cpp; path = b2MotorJoint.cpp; sourceTree = "<group>"; };
		402C08F427F6D89E007EC63C /* b2Joint.h */ = {isa = PBXFileReference; fileEncoding = 4; lastKnownFileType = sourcecode.c.h; path = b2Joint.h; sourceTree = "<group>"; };
		402C08F527F6D89E007EC63C /* b2RevoluteJoint.h */ = {isa = PBXFileReference; fileEncoding = 4; lastKnownFileType = sourcecode.c.h; path = b2RevoluteJoint.h; sourceTree = "<group>"; };
		402C08F627F6D89E007EC63C /* b2RevoluteJoint.cpp */ = {isa = PBXFileReference; fileEncoding = 4; lastKnownFileType = sourcecode.cpp.cpp; path = b2RevoluteJoint.cpp; sourceTree = "<group>"; };
		402C08F727F6D89E007EC63C /* b2FrictionJoint.h */ = {isa = PBXFileReference; fileEncoding = 4; lastKnownFileType = sourcecode.c.h; path = b2FrictionJoint.h; sourceTree = "<group>"; };
		402C08F827F6D89E007EC63C /* b2GearJoint.cpp */ = {isa = PBXFileReference; fileEncoding = 4; lastKnownFileType = sourcecode.cpp.cpp; path = b2GearJoint.cpp; sourceTree = "<group>"; };
		402C08F927F6D89E007EC63C /* b2Joint.cpp */ = {isa = PBXFileReference; fileEncoding = 4; lastKnownFileType = sourcecode.cpp.cpp; path = b2Joint.cpp; sourceTree = "<group>"; };
		402C08FA27F6D89E007EC63C /* b2PrismaticJoint.cpp */ = {isa = PBXFileReference; fileEncoding = 4; lastKnownFileType = sourcecode.cpp.cpp; path = b2PrismaticJoint.cpp; sourceTree = "<group>"; };
		402C08FB27F6D89E007EC63C /* b2PulleyJoint.cpp */ = {isa = PBXFileReference; fileEncoding = 4; lastKnownFileType = sourcecode.cpp.cpp; path = b2PulleyJoint.cpp; sourceTree = "<group>"; };
		402C08FC27F6D89E007EC63C /* b2WheelJoint.h */ = {isa = PBXFileReference; fileEncoding = 4; lastKnownFileType = sourcecode.c.h; path = b2WheelJoint.h; sourceTree = "<group>"; };
		402C08FD27F6D89E007EC63C /* b2RopeJoint.cpp */ = {isa = PBXFileReference; fileEncoding = 4; lastKnownFileType = sourcecode.cpp.cpp; path = b2RopeJoint.cpp; sourceTree = "<group>"; };
		402C08FE27F6D89E007EC63C /* b2MotorJoint.h */ = {isa = PBXFileReference; fileEncoding = 4; lastKnownFileType = sourcecode.c.h; path = b2MotorJoint.h; sourceTree = "<group>"; };
		402C08FF27F6D89E007EC63C /* b2Body.h */ = {isa = PBXFileReference; fileEncoding = 4; lastKnownFileType = sourcecode.c.h; path = b2Body.h; sourceTree = "<group>"; };
		402C090027F6D89E007EC63C /* b2Island.cpp */ = {isa = PBXFileReference; fileEncoding = 4; lastKnownFileType = sourcecode.cpp.cpp; path = b2Island.cpp; sourceTree = "<group>"; };
		402C090127F6D89E007EC63C /* b2Fixture.h */ = {isa = PBXFileReference; fileEncoding = 4; lastKnownFileType = sourcecode.c.h; path = b2Fixture.h; sourceTree = "<group>"; };
		402C090227F6D89E007EC63C /* b2TimeStep.h */ = {isa = PBXFileReference; fileEncoding = 4; lastKnownFileType = sourcecode.c.h; path = b2TimeStep.h; sourceTree = "<group>"; };
		402C090327F6D89E007EC63C /* b2WorldCallbacks.h */ = {isa = PBXFileReference; fileEncoding = 4; lastKnownFileType = sourcecode.c.h; path = b2WorldCallbacks.h; sourceTree = "<group>"; };
		402C090427F6D89E007EC63C /* b2ContactManager.h */ = {isa = PBXFileReference; fileEncoding = 4; lastKnownFileType = sourcecode.c.h; path = b2ContactManager.h; sourceTree = "<group>"; };
		402C090527F6D89E007EC63C /* b2Island.h */ = {isa = PBXFileReference; fileEncoding = 4; lastKnownFileType = sourcecode.c.h; path = b2Island.h; sourceTree = "<group>"; };
		402C090627F6D89E007EC63C /* b2ContactManager.cpp */ = {isa = PBXFileReference; fileEncoding = 4; lastKnownFileType = sourcecode.cpp.cpp; path = b2ContactManager.cpp; sourceTree = "<group>"; };
		402C090727F6D89E007EC63C /* Box2D.h */ = {isa = PBXFileReference; fileEncoding = 4; lastKnownFileType = sourcecode.c.h; path = Box2D.h; sourceTree = "<group>"; };
		402C090927F6D89E007EC63C /* b2Rope.h */ = {isa = PBXFileReference; fileEncoding = 4; lastKnownFileType = sourcecode.c.h; path = b2Rope.h; sourceTree = "<group>"; };
		402C090A27F6D89E007EC63C /* b2Rope.cpp */ = {isa = PBXFileReference; fileEncoding = 4; lastKnownFileType = sourcecode.cpp.cpp; path = b2Rope.cpp; sourceTree = "<group>"; };
		402C090C27F6D89E007EC63C /* b2StackAllocator.h */ = {isa = PBXFileReference; fileEncoding = 4; lastKnownFileType = sourcecode.c.h; path = b2StackAllocator.h; sourceTree = "<group>"; };
		402C090D27F6D89E007EC63C /* b2Draw.cpp */ = {isa = PBXFileReference; fileEncoding = 4; lastKnownFileType = sourcecode.cpp.cpp; path = b2Draw.cpp; sourceTree = "<group>"; };
		402C090E27F6D89E007EC63C /* b2GrowableStack.h */ = {isa = PBXFileReference; fileEncoding = 4; lastKnownFileType = sourcecode.c.h; path = b2GrowableStack.h; sourceTree = "<group>"; };
		402C090F27F6D89E007EC63C /* b2BlockAllocator.cpp */ = {isa = PBXFileReference; fileEncoding = 4; lastKnownFileType = sourcecode.cpp.cpp; path = b2BlockAllocator.cpp; sourceTree = "<group>"; };
		402C091027F6D89E007EC63C /* b2BlockAllocator.h */ = {isa = PBXFileReference; fileEncoding = 4; lastKnownFileType = sourcecode.c.h; path = b2BlockAllocator.h; sourceTree = "<group>"; };
		402C091127F6D89E007EC63C /* b2Settings.cpp */ = {isa = PBXFileReference; fileEncoding = 4; lastKnownFileType = sourcecode.cpp.cpp; path = b2Settings.cpp; sourceTree = "<group>"; };
		402C091227F6D89E007EC63C /* b2Timer.h */ = {isa = PBXFileReference; fileEncoding = 4; lastKnownFileType = sourcecode.c.h; path = b2Timer.h; sourceTree = "<group>"; };
		402C091327F6D89E007EC63C /* b2Timer.cpp */ = {isa = PBXFileReference; fileEncoding = 4; lastKnownFileType = sourcecode.cpp.cpp; path = b2Timer.cpp; sourceTree = "<group>"; };
		402C091427F6D89E007EC63C /* b2Math.h */ = {isa = PBXFileReference; fileEncoding = 4; lastKnownFileType = sourcecode.c.h; path = b2Math.h; sourceTree = "<group>"; };
		402C091527F6D89E007EC63C /* b2StackAllocator.cpp */ = {isa = PBXFileReference; fileEncoding = 4; lastKnownFileType = sourcecode.cpp.cpp; path = b2StackAllocator.cpp; sourceTree = "<group>"; };
		402C091627F6D89E007EC63C /* b2Math.cpp */ = {isa = PBXFileReference; fileEncoding = 4; lastKnownFileType = sourcecode.cpp.cpp; path = b2Math.cpp; sourceTree = "<group>"; };
		402C091727F6D89E007EC63C /* b2Draw.h */ = {isa = PBXFileReference; fileEncoding = 4; lastKnownFileType = sourcecode.c.h; path = b2Draw.h; sourceTree = "<group>"; };
		402C091827F6D89E007EC63C /* b2Settings.h */ = {isa = PBXFileReference; fileEncoding = 4; lastKnownFileType = sourcecode.c.h; path = b2Settings.h; sourceTree = "<group>"; };
		402C091A27F6D89E007EC63C /* b2Collision.h */ = {isa = PBXFileReference; fileEncoding = 4; lastKnownFileType = sourcecode.c.h; path = b2Collision.h; sourceTree = "<group>"; };
		402C091B27F6D89E007EC63C /* b2Distance.cpp */ = {isa = PBXFileReference; fileEncoding = 4; lastKnownFileType = sourcecode.cpp.cpp; path = b2Distance.cpp; sourceTree = "<group>"; };
		402C091C27F6D89E007EC63C /* b2CollideCircle.cpp */ = {isa = PBXFileReference; fileEncoding = 4; lastKnownFileType = sourcecode.cpp.cpp; path = b2CollideCircle.cpp; sourceTree = "<group>"; };
		402C091D27F6D89E007EC63C /* b2CollidePolygon.cpp */ = {isa = PBXFileReference; fileEncoding = 4; lastKnownFileType = sourcecode.cpp.cpp; path = b2CollidePolygon.cpp; sourceTree = "<group>"; };
		402C091E27F6D89E007EC63C /* b2DynamicTree.cpp */ = {isa = PBXFileReference; fileEncoding = 4; lastKnownFileType = sourcecode.cpp.cpp; path = b2DynamicTree.cpp; sourceTree = "<group>"; };
		402C091F27F6D89E007EC63C /* b2DynamicTree.h */ = {isa = PBXFileReference; fileEncoding = 4; lastKnownFileType = sourcecode.c.h; path = b2DynamicTree.h; sourceTree = "<group>"; };
		402C092127F6D89E007EC63C /* b2ChainShape.cpp */ = {isa = PBXFileReference; fileEncoding = 4; lastKnownFileType = sourcecode.cpp.cpp; path = b2ChainShape.cpp; sourceTree = "<group>"; };
		402C092227F6D89E007EC63C /* b2PolygonShape.h */ = {isa = PBXFileReference; fileEncoding = 4; lastKnownFileType = sourcecode.c.h; path = b2PolygonShape.h; sourceTree = "<group>"; };
		402C092327F6D89E007EC63C /* b2Shape.h */ = {isa = PBXFileReference; fileEncoding = 4; lastKnownFileType = sourcecode.c.h; path = b2Shape.h; sourceTree = "<group>"; };
		402C092427F6D89E007EC63C /* b2ChainShape.h */ = {isa = PBXFileReference; fileEncoding = 4; lastKnownFileType = sourcecode.c.h; path = b2ChainShape.h; sourceTree = "<group>"; };
		402C092527F6D89E007EC63C /* b2EdgeShape.cpp */ = {isa = PBXFileReference; fileEncoding = 4; lastKnownFileType = sourcecode.cpp.cpp; path = b2EdgeShape.cpp; sourceTree = "<group>"; };
		402C092627F6D89E007EC63C /* b2CircleShape.cpp */ = {isa = PBXFileReference; fileEncoding = 4; lastKnownFileType = sourcecode.cpp.cpp; path = b2CircleShape.cpp; sourceTree = "<group>"; };
		402C092727F6D89E007EC63C /* b2PolygonShape.cpp */ = {isa = PBXFileReference; fileEncoding = 4; lastKnownFileType = sourcecode.cpp.cpp; path = b2PolygonShape.cpp; sourceTree = "<group>"; };
		402C092827F6D89E007EC63C /* b2EdgeShape.h */ = {isa = PBXFileReference; fileEncoding = 4; lastKnownFileType = sourcecode.c.h; path = b2EdgeShape.h; sourceTree = "<group>"; };
		402C092927F6D89E007EC63C /* b2CircleShape.h */ = {isa = PBXFileReference; fileEncoding = 4; lastKnownFileType = sourcecode.c.h; path = b2CircleShape.h; sourceTree = "<group>"; };
		402C092A27F6D89E007EC63C /* b2TimeOfImpact.h */ = {isa = PBXFileReference; fileEncoding = 4; lastKnownFileType = sourcecode.c.h; path = b2TimeOfImpact.h; sourceTree = "<group>"; };
		402C092B27F6D89E007EC63C /* b2TimeOfImpact.cpp */ = {isa = PBXFileReference; fileEncoding = 4; lastKnownFileType = sourcecode.cpp.cpp; path = b2TimeOfImpact.cpp; sourceTree = "<group>"; };
		402C092C27F6D89E007EC63C /* b2BroadPhase.cpp */ = {isa = PBXFileReference; fileEncoding = 4; lastKnownFileType = sourcecode.cpp.cpp; path = b2BroadPhase.cpp; sourceTree = "<group>"; };
		402C092D27F6D89E007EC63C /* b2BroadPhase.h */ = {isa = PBXFileReference; fileEncoding = 4; lastKnownFileType = sourcecode.c.h; path = b2BroadPhase.h; sourceTree = "<group>"; };
		402C092E27F6D89E007EC63C /* b2Distance.h */ = {isa = PBXFileReference; fileEncoding = 4; lastKnownFileType = sourcecode.c.h; path = b2Distance.h; sourceTree = "<group>"; };
		402C092F27F6D89E007EC63C /* b2CollideEdge.cpp */ = {isa = PBXFileReference; fileEncoding = 4; lastKnownFileType = sourcecode.cpp.cpp; path = b2CollideEdge.cpp; sourceTree = "<group>"; };
		402C093027F6D89E007EC63C /* b2Collision.cpp */ = {isa = PBXFileReference; fileEncoding = 4; lastKnownFileType = sourcecode.cpp.cpp; path = b2Collision.cpp; sourceTree = "<group>"; };
		402C09F327F6DEBF007EC63C /* Paddle.cpp */ = {isa = PBXFileReference; lastKnownFileType = sourcecode.cpp.cpp; path = Paddle.cpp; sourceTree = "<group>"; };
		402C09F427F6DEBF007EC63C /* Paddle.hpp */ = {isa = PBXFileReference; lastKnownFileType = sourcecode.cpp.h; path = Paddle.hpp; sourceTree = "<group>"; };
/* End PBXFileReference section */

/* Begin PBXFrameworksBuildPhase section */
		400F899027EC38680018E937 /* Frameworks */ = {
			isa = PBXFrameworksBuildPhase;
			buildActionMask = 2147483647;
			files = (
			);
			runOnlyForDeploymentPostprocessing = 0;
		};
/* End PBXFrameworksBuildPhase section */

/* Begin PBXGroup section */
		400F898A27EC38680018E937 = {
			isa = PBXGroup;
			children = (
				400F899527EC38680018E937 /* gl-pong-demo */,
				400F899427EC38680018E937 /* Products */,
			);
			sourceTree = "<group>";
		};
		400F899427EC38680018E937 /* Products */ = {
			isa = PBXGroup;
			children = (
				400F899327EC38680018E937 /* gl-pong-demo.app */,
			);
			name = Products;
			sourceTree = "<group>";
		};
		400F899527EC38680018E937 /* gl-pong-demo */ = {
			isa = PBXGroup;
			children = (
				400F89AA27EC39040018E937 /* vendor */,
				400F89BB27EC3D4A0018E937 /* res */,
				400F89B727EC3CB20018E937 /* core */,
				402C09F227F6DE89007EC63C /* objects */,
				400F899827EC38680018E937 /* SceneDelegate.swift */,
				400F899627EC38680018E937 /* AppDelegate.swift */,
				400F899A27EC38680018E937 /* ViewController.swift */,
				400F899C27EC38680018E937 /* Main.storyboard */,
				400F89A127EC386A0018E937 /* LaunchScreen.storyboard */,
				400F899F27EC386A0018E937 /* Assets.xcassets */,
				400F89A427EC386A0018E937 /* Info.plist */,
				400F89B527EC3C260018E937 /* Assert.cpp */,
				400F89B427EC3C260018E937 /* Assert.hpp */,
				400F89B027EC3A7B0018E937 /* Scene.mm */,
				400F89B327EC3AA30018E937 /* Scene.h */,
				400F89AF27EC3A7B0018E937 /* gl-pong-demo-Bridging-Header.h */,
			);
			path = "gl-pong-demo";
			sourceTree = "<group>";
		};
		400F89AA27EC39040018E937 /* vendor */ = {
			isa = PBXGroup;
			children = (
				402C08CC27F6D89E007EC63C /* Box2D */,
				400F89AB27EC396A0018E937 /* glm */,
			);
			path = vendor;
			sourceTree = "<group>";
		};
		400F89B727EC3CB20018E937 /* core */ = {
			isa = PBXGroup;
			children = (
				401D7F9E27FAF0FC0007B408 /* data */,
				400F89B827EC3CE30018E937 /* Shader.cpp */,
				400F89B927EC3CE30018E937 /* Shader.hpp */,
				400F89CB27EC4CB00018E937 /* PhysicsSolver.cpp */,
				400F89CC27EC4CB00018E937 /* PhysicsSolver.hpp */,
				4006C6C327F987EA0057D175 /* SpriteRenderer.cpp */,
				4006C6C427F987EA0057D175 /* SpriteRenderer.hpp */,
				401D7FA027FAFD5B0007B408 /* CollisionHandler.cpp */,
				401D7FA127FAFD5B0007B408 /* CollisionHandler.hpp */,
			);
			path = core;
			sourceTree = "<group>";
		};
		400F89BB27EC3D4A0018E937 /* res */ = {
			isa = PBXGroup;
			children = (
				400F89BC27EC3D4E0018E937 /* shaders */,
			);
			path = res;
			sourceTree = "<group>";
		};
		400F89BC27EC3D4E0018E937 /* shaders */ = {
			isa = PBXGroup;
			children = (
				401D7F9B27FAB7ED0007B408 /* Circle.fsh */,
				401D7F9A27FAB7ED0007B408 /* Circle.vsh */,
				400F89BE27EC3D710018E937 /* Shader.fsh */,
				400F89BD27EC3D710018E937 /* Shader.vsh */,
			);
			path = shaders;
			sourceTree = "<group>";
		};
		401D7F9E27FAF0FC0007B408 /* data */ = {
			isa = PBXGroup;
			children = (
				401D7F9F27FAF10F0007B408 /* ScaledVertexData.hpp */,
			);
			path = data;
			sourceTree = "<group>";
		};
		402C08CC27F6D89E007EC63C /* Box2D */ = {
			isa = PBXGroup;
			children = (
				402C08CD27F6D89E007EC63C /* Dynamics */,
				402C090727F6D89E007EC63C /* Box2D.h */,
				402C090827F6D89E007EC63C /* Rope */,
				402C090B27F6D89E007EC63C /* Common */,
				402C091927F6D89E007EC63C /* Collision */,
			);
			path = Box2D;
			sourceTree = "<group>";
		};
		402C08CD27F6D89E007EC63C /* Dynamics */ = {
			isa = PBXGroup;
			children = (
				402C08CE27F6D89E007EC63C /* b2Body.cpp */,
				402C08CF27F6D89E007EC63C /* b2World.cpp */,
				402C08D027F6D89E007EC63C /* b2Fixture.cpp */,
				402C08D127F6D89E007EC63C /* b2World.h */,
				402C08D227F6D89E007EC63C /* Contacts */,
				402C08E527F6D89E007EC63C /* b2WorldCallbacks.cpp */,
				402C08E627F6D89E007EC63C /* Joints */,
				402C08FF27F6D89E007EC63C /* b2Body.h */,
				402C090027F6D89E007EC63C /* b2Island.cpp */,
				402C090127F6D89E007EC63C /* b2Fixture.h */,
				402C090227F6D89E007EC63C /* b2TimeStep.h */,
				402C090327F6D89E007EC63C /* b2WorldCallbacks.h */,
				402C090427F6D89E007EC63C /* b2ContactManager.h */,
				402C090527F6D89E007EC63C /* b2Island.h */,
				402C090627F6D89E007EC63C /* b2ContactManager.cpp */,
			);
			path = Dynamics;
			sourceTree = "<group>";
		};
		402C08D227F6D89E007EC63C /* Contacts */ = {
			isa = PBXGroup;
			children = (
				402C08D327F6D89E007EC63C /* b2ContactSolver.h */,
				402C08D427F6D89E007EC63C /* b2ChainAndCircleContact.h */,
				402C08D527F6D89E007EC63C /* b2PolygonAndCircleContact.h */,
				402C08D627F6D89E007EC63C /* b2EdgeAndCircleContact.h */,
				402C08D727F6D89E007EC63C /* b2ChainAndPolygonContact.cpp */,
				402C08D827F6D89E007EC63C /* b2EdgeAndPolygonContact.h */,
				402C08D927F6D89E007EC63C /* b2EdgeAndPolygonContact.cpp */,
				402C08DA27F6D89E007EC63C /* b2ChainAndCircleContact.cpp */,
				402C08DB27F6D89E007EC63C /* b2PolygonAndCircleContact.cpp */,
				402C08DC27F6D89E007EC63C /* b2Contact.h */,
				402C08DD27F6D89E007EC63C /* b2PolygonContact.cpp */,
				402C08DE27F6D89E007EC63C /* b2CircleContact.h */,
				402C08DF27F6D89E007EC63C /* b2ChainAndPolygonContact.h */,
				402C08E027F6D89E007EC63C /* b2PolygonContact.h */,
				402C08E127F6D89E007EC63C /* b2ContactSolver.cpp */,
				402C08E227F6D89E007EC63C /* b2CircleContact.cpp */,
				402C08E327F6D89E007EC63C /* b2EdgeAndCircleContact.cpp */,
				402C08E427F6D89E007EC63C /* b2Contact.cpp */,
			);
			path = Contacts;
			sourceTree = "<group>";
		};
		402C08E627F6D89E007EC63C /* Joints */ = {
			isa = PBXGroup;
			children = (
				402C08E727F6D89E007EC63C /* b2WeldJoint.cpp */,
				402C08E827F6D89E007EC63C /* b2MouseJoint.cpp */,
				402C08E927F6D89E007EC63C /* b2FrictionJoint.cpp */,
				402C08EA27F6D89E007EC63C /* b2PrismaticJoint.h */,
				402C08EB27F6D89E007EC63C /* b2PulleyJoint.h */,
				402C08EC27F6D89E007EC63C /* b2RopeJoint.h */,
				402C08ED27F6D89E007EC63C /* b2WeldJoint.h */,
				402C08EE27F6D89E007EC63C /* b2GearJoint.h */,
				402C08EF27F6D89E007EC63C /* b2DistanceJoint.h */,
				402C08F027F6D89E007EC63C /* b2MouseJoint.h */,
				402C08F127F6D89E007EC63C /* b2DistanceJoint.cpp */,
				402C08F227F6D89E007EC63C /* b2WheelJoint.cpp */,
				402C08F327F6D89E007EC63C /* b2MotorJoint.cpp */,
				402C08F427F6D89E007EC63C /* b2Joint.h */,
				402C08F527F6D89E007EC63C /* b2RevoluteJoint.h */,
				402C08F627F6D89E007EC63C /* b2RevoluteJoint.cpp */,
				402C08F727F6D89E007EC63C /* b2FrictionJoint.h */,
				402C08F827F6D89E007EC63C /* b2GearJoint.cpp */,
				402C08F927F6D89E007EC63C /* b2Joint.cpp */,
				402C08FA27F6D89E007EC63C /* b2PrismaticJoint.cpp */,
				402C08FB27F6D89E007EC63C /* b2PulleyJoint.cpp */,
				402C08FC27F6D89E007EC63C /* b2WheelJoint.h */,
				402C08FD27F6D89E007EC63C /* b2RopeJoint.cpp */,
				402C08FE27F6D89E007EC63C /* b2MotorJoint.h */,
			);
			path = Joints;
			sourceTree = "<group>";
		};
		402C090827F6D89E007EC63C /* Rope */ = {
			isa = PBXGroup;
			children = (
				402C090927F6D89E007EC63C /* b2Rope.h */,
				402C090A27F6D89E007EC63C /* b2Rope.cpp */,
			);
			path = Rope;
			sourceTree = "<group>";
		};
		402C090B27F6D89E007EC63C /* Common */ = {
			isa = PBXGroup;
			children = (
				402C090C27F6D89E007EC63C /* b2StackAllocator.h */,
				402C090D27F6D89E007EC63C /* b2Draw.cpp */,
				402C090E27F6D89E007EC63C /* b2GrowableStack.h */,
				402C090F27F6D89E007EC63C /* b2BlockAllocator.cpp */,
				402C091027F6D89E007EC63C /* b2BlockAllocator.h */,
				402C091127F6D89E007EC63C /* b2Settings.cpp */,
				402C091227F6D89E007EC63C /* b2Timer.h */,
				402C091327F6D89E007EC63C /* b2Timer.cpp */,
				402C091427F6D89E007EC63C /* b2Math.h */,
				402C091527F6D89E007EC63C /* b2StackAllocator.cpp */,
				402C091627F6D89E007EC63C /* b2Math.cpp */,
				402C091727F6D89E007EC63C /* b2Draw.h */,
				402C091827F6D89E007EC63C /* b2Settings.h */,
			);
			path = Common;
			sourceTree = "<group>";
		};
		402C091927F6D89E007EC63C /* Collision */ = {
			isa = PBXGroup;
			children = (
				402C091A27F6D89E007EC63C /* b2Collision.h */,
				402C091B27F6D89E007EC63C /* b2Distance.cpp */,
				402C091C27F6D89E007EC63C /* b2CollideCircle.cpp */,
				402C091D27F6D89E007EC63C /* b2CollidePolygon.cpp */,
				402C091E27F6D89E007EC63C /* b2DynamicTree.cpp */,
				402C091F27F6D89E007EC63C /* b2DynamicTree.h */,
				402C092027F6D89E007EC63C /* Shapes */,
				402C092A27F6D89E007EC63C /* b2TimeOfImpact.h */,
				402C092B27F6D89E007EC63C /* b2TimeOfImpact.cpp */,
				402C092C27F6D89E007EC63C /* b2BroadPhase.cpp */,
				402C092D27F6D89E007EC63C /* b2BroadPhase.h */,
				402C092E27F6D89E007EC63C /* b2Distance.h */,
				402C092F27F6D89E007EC63C /* b2CollideEdge.cpp */,
				402C093027F6D89E007EC63C /* b2Collision.cpp */,
			);
			path = Collision;
			sourceTree = "<group>";
		};
		402C092027F6D89E007EC63C /* Shapes */ = {
			isa = PBXGroup;
			children = (
				402C092127F6D89E007EC63C /* b2ChainShape.cpp */,
				402C092227F6D89E007EC63C /* b2PolygonShape.h */,
				402C092327F6D89E007EC63C /* b2Shape.h */,
				402C092427F6D89E007EC63C /* b2ChainShape.h */,
				402C092527F6D89E007EC63C /* b2EdgeShape.cpp */,
				402C092627F6D89E007EC63C /* b2CircleShape.cpp */,
				402C092727F6D89E007EC63C /* b2PolygonShape.cpp */,
				402C092827F6D89E007EC63C /* b2EdgeShape.h */,
				402C092927F6D89E007EC63C /* b2CircleShape.h */,
			);
			path = Shapes;
			sourceTree = "<group>";
		};
		402C09F227F6DE89007EC63C /* objects */ = {
			isa = PBXGroup;
			children = (
				402C09F327F6DEBF007EC63C /* Paddle.cpp */,
				402C09F427F6DEBF007EC63C /* Paddle.hpp */,
				4006C6C627F9A94E0057D175 /* Ball.cpp */,
				4006C6C727F9A94E0057D175 /* Ball.hpp */,
			);
			path = objects;
			sourceTree = "<group>";
		};
/* End PBXGroup section */

/* Begin PBXNativeTarget section */
		400F899227EC38680018E937 /* gl-pong-demo */ = {
			isa = PBXNativeTarget;
			buildConfigurationList = 400F89A727EC386A0018E937 /* Build configuration list for PBXNativeTarget "gl-pong-demo" */;
			buildPhases = (
				400F898F27EC38680018E937 /* Sources */,
				400F899027EC38680018E937 /* Frameworks */,
				400F899127EC38680018E937 /* Resources */,
			);
			buildRules = (
			);
			dependencies = (
			);
			name = "gl-pong-demo";
			productName = "gl-pong-demo";
			productReference = 400F899327EC38680018E937 /* gl-pong-demo.app */;
			productType = "com.apple.product-type.application";
		};
/* End PBXNativeTarget section */

/* Begin PBXProject section */
		400F898B27EC38680018E937 /* Project object */ = {
			isa = PBXProject;
			attributes = {
				BuildIndependentTargetsInParallel = 1;
				LastSwiftUpdateCheck = 1320;
				LastUpgradeCheck = 1320;
				TargetAttributes = {
					400F899227EC38680018E937 = {
						CreatedOnToolsVersion = 13.2.1;
						LastSwiftMigration = 1320;
					};
				};
			};
			buildConfigurationList = 400F898E27EC38680018E937 /* Build configuration list for PBXProject "gl-pong-demo" */;
			compatibilityVersion = "Xcode 13.0";
			developmentRegion = en;
			hasScannedForEncodings = 0;
			knownRegions = (
				en,
				Base,
			);
			mainGroup = 400F898A27EC38680018E937;
			productRefGroup = 400F899427EC38680018E937 /* Products */;
			projectDirPath = "";
			projectRoot = "";
			targets = (
				400F899227EC38680018E937 /* gl-pong-demo */,
			);
		};
/* End PBXProject section */

/* Begin PBXResourcesBuildPhase section */
		400F899127EC38680018E937 /* Resources */ = {
			isa = PBXResourcesBuildPhase;
			buildActionMask = 2147483647;
			files = (
				400F89A327EC386A0018E937 /* LaunchScreen.storyboard in Resources */,
				400F89A027EC386A0018E937 /* Assets.xcassets in Resources */,
				400F89BF27EC3D710018E937 /* Shader.vsh in Resources */,
				401D7F9D27FAB7ED0007B408 /* Circle.fsh in Resources */,
				400F899E27EC38680018E937 /* Main.storyboard in Resources */,
				401D7F9C27FAB7ED0007B408 /* Circle.vsh in Resources */,
				400F89C027EC3D710018E937 /* Shader.fsh in Resources */,
				400F89AC27EC396A0018E937 /* glm in Resources */,
			);
			runOnlyForDeploymentPostprocessing = 0;
		};
/* End PBXResourcesBuildPhase section */

/* Begin PBXSourcesBuildPhase section */
		400F898F27EC38680018E937 /* Sources */ = {
			isa = PBXSourcesBuildPhase;
			buildActionMask = 2147483647;
			files = (
				402C094527F6D89E007EC63C /* b2GearJoint.cpp in Sources */,
				402C095D27F6D89E007EC63C /* b2CollideEdge.cpp in Sources */,
				402C094227F6D89E007EC63C /* b2WheelJoint.cpp in Sources */,
				402C093E27F6D89E007EC63C /* b2WeldJoint.cpp in Sources */,
				402C094D27F6D89E007EC63C /* b2Draw.cpp in Sources */,
				402C094927F6D89E007EC63C /* b2RopeJoint.cpp in Sources */,
				402C095727F6D89E007EC63C /* b2ChainShape.cpp in Sources */,
				402C095627F6D89E007EC63C /* b2DynamicTree.cpp in Sources */,
				402C094E27F6D89E007EC63C /* b2BlockAllocator.cpp in Sources */,
				402C093A27F6D89E007EC63C /* b2CircleContact.cpp in Sources */,
				402C094627F6D89E007EC63C /* b2Joint.cpp in Sources */,
				402C094A27F6D89E007EC63C /* b2Island.cpp in Sources */,
				402C093927F6D89E007EC63C /* b2ContactSolver.cpp in Sources */,
				402C093327F6D89E007EC63C /* b2Fixture.cpp in Sources */,
				400F89B127EC3A7B0018E937 /* Scene.mm in Sources */,
				402C093627F6D89E007EC63C /* b2ChainAndCircleContact.cpp in Sources */,
				402C095B27F6D89E007EC63C /* b2TimeOfImpact.cpp in Sources */,
				402C094727F6D89E007EC63C /* b2PrismaticJoint.cpp in Sources */,
				400F899B27EC38680018E937 /* ViewController.swift in Sources */,
				402C095C27F6D89E007EC63C /* b2BroadPhase.cpp in Sources */,
				4006C6C827F9A94E0057D175 /* Ball.cpp in Sources */,
				402C093427F6D89E007EC63C /* b2ChainAndPolygonContact.cpp in Sources */,
				402C094327F6D89E007EC63C /* b2MotorJoint.cpp in Sources */,
				402C095027F6D89E007EC63C /* b2Timer.cpp in Sources */,
				402C093B27F6D89E007EC63C /* b2EdgeAndCircleContact.cpp in Sources */,
				402C095227F6D89E007EC63C /* b2Math.cpp in Sources */,
				400F899727EC38680018E937 /* AppDelegate.swift in Sources */,
				402C094027F6D89E007EC63C /* b2FrictionJoint.cpp in Sources */,
				402C093F27F6D89E007EC63C /* b2MouseJoint.cpp in Sources */,
				402C09F527F6DEBF007EC63C /* Paddle.cpp in Sources */,
				402C095827F6D89E007EC63C /* b2EdgeShape.cpp in Sources */,
				402C093C27F6D89E007EC63C /* b2Contact.cpp in Sources */,
				402C094C27F6D89E007EC63C /* b2Rope.cpp in Sources */,
				400F89B627EC3C260018E937 /* Assert.cpp in Sources */,
				402C094127F6D89E007EC63C /* b2DistanceJoint.cpp in Sources */,
				402C094B27F6D89E007EC63C /* b2ContactManager.cpp in Sources */,
				402C095327F6D89E007EC63C /* b2Distance.cpp in Sources */,
				402C095527F6D89E007EC63C /* b2CollidePolygon.cpp in Sources */,
				402C095427F6D89E007EC63C /* b2CollideCircle.cpp in Sources */,
				402C094827F6D89E007EC63C /* b2PulleyJoint.cpp in Sources */,
				402C095A27F6D89E007EC63C /* b2PolygonShape.cpp in Sources */,
				4006C6C527F987EA0057D175 /* SpriteRenderer.cpp in Sources */,
				400F89BA27EC3CE30018E937 /* Shader.cpp in Sources */,
				401D7FA227FAFD5B0007B408 /* CollisionHandler.cpp in Sources */,
				402C093D27F6D89E007EC63C /* b2WorldCallbacks.cpp in Sources */,
				400F899927EC38680018E937 /* SceneDelegate.swift in Sources */,
				400F89CD27EC4CB00018E937 /* PhysicsSolver.cpp in Sources */,
				402C094427F6D89E007EC63C /* b2RevoluteJoint.cpp in Sources */,
				402C093727F6D89E007EC63C /* b2PolygonAndCircleContact.cpp in Sources */,
				402C093227F6D89E007EC63C /* b2World.cpp in Sources */,
				402C093827F6D89E007EC63C /* b2PolygonContact.cpp in Sources */,
				402C095E27F6D89E007EC63C /* b2Collision.cpp in Sources */,
				402C095127F6D89E007EC63C /* b2StackAllocator.cpp in Sources */,
				402C093127F6D89E007EC63C /* b2Body.cpp in Sources */,
				402C095927F6D89E007EC63C /* b2CircleShape.cpp in Sources */,
				402C093527F6D89E007EC63C /* b2EdgeAndPolygonContact.cpp in Sources */,
				402C094F27F6D89E007EC63C /* b2Settings.cpp in Sources */,
			);
			runOnlyForDeploymentPostprocessing = 0;
		};
/* End PBXSourcesBuildPhase section */

/* Begin PBXVariantGroup section */
		400F899C27EC38680018E937 /* Main.storyboard */ = {
			isa = PBXVariantGroup;
			children = (
				400F899D27EC38680018E937 /* Base */,
			);
			name = Main.storyboard;
			sourceTree = "<group>";
		};
		400F89A127EC386A0018E937 /* LaunchScreen.storyboard */ = {
			isa = PBXVariantGroup;
			children = (
				400F89A227EC386A0018E937 /* Base */,
			);
			name = LaunchScreen.storyboard;
			sourceTree = "<group>";
		};
/* End PBXVariantGroup section */

/* Begin XCBuildConfiguration section */
		400F89A527EC386A0018E937 /* Debug */ = {
			isa = XCBuildConfiguration;
			buildSettings = {
				ALWAYS_SEARCH_USER_PATHS = NO;
				CLANG_ANALYZER_NONNULL = YES;
				CLANG_ANALYZER_NUMBER_OBJECT_CONVERSION = YES_AGGRESSIVE;
				CLANG_CXX_LANGUAGE_STANDARD = "gnu++17";
				CLANG_CXX_LIBRARY = "libc++";
				CLANG_ENABLE_MODULES = YES;
				CLANG_ENABLE_OBJC_ARC = YES;
				CLANG_ENABLE_OBJC_WEAK = YES;
				CLANG_WARN_BLOCK_CAPTURE_AUTORELEASING = YES;
				CLANG_WARN_BOOL_CONVERSION = YES;
				CLANG_WARN_COMMA = YES;
				CLANG_WARN_CONSTANT_CONVERSION = YES;
				CLANG_WARN_DEPRECATED_OBJC_IMPLEMENTATIONS = YES;
				CLANG_WARN_DIRECT_OBJC_ISA_USAGE = YES_ERROR;
				CLANG_WARN_DOCUMENTATION_COMMENTS = YES;
				CLANG_WARN_EMPTY_BODY = YES;
				CLANG_WARN_ENUM_CONVERSION = YES;
				CLANG_WARN_INFINITE_RECURSION = YES;
				CLANG_WARN_INT_CONVERSION = YES;
				CLANG_WARN_NON_LITERAL_NULL_CONVERSION = YES;
				CLANG_WARN_OBJC_IMPLICIT_RETAIN_SELF = YES;
				CLANG_WARN_OBJC_LITERAL_CONVERSION = YES;
				CLANG_WARN_OBJC_ROOT_CLASS = YES_ERROR;
				CLANG_WARN_QUOTED_INCLUDE_IN_FRAMEWORK_HEADER = YES;
				CLANG_WARN_RANGE_LOOP_ANALYSIS = YES;
				CLANG_WARN_STRICT_PROTOTYPES = YES;
				CLANG_WARN_SUSPICIOUS_MOVE = YES;
				CLANG_WARN_UNGUARDED_AVAILABILITY = YES_AGGRESSIVE;
				CLANG_WARN_UNREACHABLE_CODE = YES;
				CLANG_WARN__DUPLICATE_METHOD_MATCH = YES;
				COPY_PHASE_STRIP = NO;
				DEBUG_INFORMATION_FORMAT = dwarf;
				ENABLE_STRICT_OBJC_MSGSEND = YES;
				ENABLE_TESTABILITY = YES;
				GCC_C_LANGUAGE_STANDARD = gnu11;
				GCC_DYNAMIC_NO_PIC = NO;
				GCC_NO_COMMON_BLOCKS = YES;
				GCC_OPTIMIZATION_LEVEL = 0;
				GCC_PREPROCESSOR_DEFINITIONS = (
					"DEBUG=1",
					"$(inherited)",
				);
				GCC_WARN_64_TO_32_BIT_CONVERSION = YES;
				GCC_WARN_ABOUT_RETURN_TYPE = YES_ERROR;
				GCC_WARN_UNDECLARED_SELECTOR = YES;
				GCC_WARN_UNINITIALIZED_AUTOS = YES_AGGRESSIVE;
				GCC_WARN_UNUSED_FUNCTION = YES;
				GCC_WARN_UNUSED_VARIABLE = YES;
				IPHONEOS_DEPLOYMENT_TARGET = 15.2;
				MTL_ENABLE_DEBUG_INFO = INCLUDE_SOURCE;
				MTL_FAST_MATH = YES;
				ONLY_ACTIVE_ARCH = YES;
				SDKROOT = iphoneos;
				SWIFT_ACTIVE_COMPILATION_CONDITIONS = DEBUG;
				SWIFT_OPTIMIZATION_LEVEL = "-Onone";
			};
			name = Debug;
		};
		400F89A627EC386A0018E937 /* Release */ = {
			isa = XCBuildConfiguration;
			buildSettings = {
				ALWAYS_SEARCH_USER_PATHS = NO;
				CLANG_ANALYZER_NONNULL = YES;
				CLANG_ANALYZER_NUMBER_OBJECT_CONVERSION = YES_AGGRESSIVE;
				CLANG_CXX_LANGUAGE_STANDARD = "gnu++17";
				CLANG_CXX_LIBRARY = "libc++";
				CLANG_ENABLE_MODULES = YES;
				CLANG_ENABLE_OBJC_ARC = YES;
				CLANG_ENABLE_OBJC_WEAK = YES;
				CLANG_WARN_BLOCK_CAPTURE_AUTORELEASING = YES;
				CLANG_WARN_BOOL_CONVERSION = YES;
				CLANG_WARN_COMMA = YES;
				CLANG_WARN_CONSTANT_CONVERSION = YES;
				CLANG_WARN_DEPRECATED_OBJC_IMPLEMENTATIONS = YES;
				CLANG_WARN_DIRECT_OBJC_ISA_USAGE = YES_ERROR;
				CLANG_WARN_DOCUMENTATION_COMMENTS = YES;
				CLANG_WARN_EMPTY_BODY = YES;
				CLANG_WARN_ENUM_CONVERSION = YES;
				CLANG_WARN_INFINITE_RECURSION = YES;
				CLANG_WARN_INT_CONVERSION = YES;
				CLANG_WARN_NON_LITERAL_NULL_CONVERSION = YES;
				CLANG_WARN_OBJC_IMPLICIT_RETAIN_SELF = YES;
				CLANG_WARN_OBJC_LITERAL_CONVERSION = YES;
				CLANG_WARN_OBJC_ROOT_CLASS = YES_ERROR;
				CLANG_WARN_QUOTED_INCLUDE_IN_FRAMEWORK_HEADER = YES;
				CLANG_WARN_RANGE_LOOP_ANALYSIS = YES;
				CLANG_WARN_STRICT_PROTOTYPES = YES;
				CLANG_WARN_SUSPICIOUS_MOVE = YES;
				CLANG_WARN_UNGUARDED_AVAILABILITY = YES_AGGRESSIVE;
				CLANG_WARN_UNREACHABLE_CODE = YES;
				CLANG_WARN__DUPLICATE_METHOD_MATCH = YES;
				COPY_PHASE_STRIP = NO;
				DEBUG_INFORMATION_FORMAT = "dwarf-with-dsym";
				ENABLE_NS_ASSERTIONS = NO;
				ENABLE_STRICT_OBJC_MSGSEND = YES;
				GCC_C_LANGUAGE_STANDARD = gnu11;
				GCC_NO_COMMON_BLOCKS = YES;
				GCC_WARN_64_TO_32_BIT_CONVERSION = YES;
				GCC_WARN_ABOUT_RETURN_TYPE = YES_ERROR;
				GCC_WARN_UNDECLARED_SELECTOR = YES;
				GCC_WARN_UNINITIALIZED_AUTOS = YES_AGGRESSIVE;
				GCC_WARN_UNUSED_FUNCTION = YES;
				GCC_WARN_UNUSED_VARIABLE = YES;
				IPHONEOS_DEPLOYMENT_TARGET = 15.2;
				MTL_ENABLE_DEBUG_INFO = NO;
				MTL_FAST_MATH = YES;
				SDKROOT = iphoneos;
				SWIFT_COMPILATION_MODE = wholemodule;
				SWIFT_OPTIMIZATION_LEVEL = "-O";
				VALIDATE_PRODUCT = YES;
			};
			name = Release;
		};
		400F89A827EC386A0018E937 /* Debug */ = {
			isa = XCBuildConfiguration;
			buildSettings = {
				ALWAYS_SEARCH_USER_PATHS = YES;
				ASSETCATALOG_COMPILER_APPICON_NAME = AppIcon;
				ASSETCATALOG_COMPILER_GLOBAL_ACCENT_COLOR_NAME = AccentColor;
				CLANG_ENABLE_MODULES = YES;
				CLANG_WARN_DOCUMENTATION_COMMENTS = NO;
				CODE_SIGN_STYLE = Automatic;
				CURRENT_PROJECT_VERSION = 1;
				GCC_PREPROCESSOR_DEFINITIONS = (
					"DEBUG=1",
					"$(inherited)",
					"GLES_SILENCE_DEPRECATION=1",
				);
				GENERATE_INFOPLIST_FILE = YES;
				HEADER_SEARCH_PATHS = (
					"gl-pong-demo/vendor/",
					"gl-pong-demo/vendor/glm/",
				);
				INFOPLIST_FILE = "gl-pong-demo/Info.plist";
				INFOPLIST_KEY_UIApplicationSupportsIndirectInputEvents = YES;
				INFOPLIST_KEY_UILaunchStoryboardName = LaunchScreen;
				INFOPLIST_KEY_UIMainStoryboardFile = Main;
				INFOPLIST_KEY_UISupportedInterfaceOrientations_iPad = "UIInterfaceOrientationPortrait UIInterfaceOrientationPortraitUpsideDown UIInterfaceOrientationLandscapeLeft UIInterfaceOrientationLandscapeRight";
				INFOPLIST_KEY_UISupportedInterfaceOrientations_iPhone = "UIInterfaceOrientationPortrait UIInterfaceOrientationLandscapeLeft UIInterfaceOrientationLandscapeRight";
				LD_RUNPATH_SEARCH_PATHS = (
					"$(inherited)",
					"@executable_path/Frameworks",
				);
				MARKETING_VERSION = 1.0;
				OTHER_CPLUSPLUSFLAGS = "$(OTHER_CFLAGS)";
				OTHER_LDFLAGS = "";
				PRODUCT_BUNDLE_IDENTIFIER = "ca.btechgames.gl-pong-demo";
				PRODUCT_NAME = "$(TARGET_NAME)";
				SWIFT_EMIT_LOC_STRINGS = YES;
				SWIFT_OBJC_BRIDGING_HEADER = "gl-pong-demo/gl-pong-demo-Bridging-Header.h";
				SWIFT_OPTIMIZATION_LEVEL = "-Onone";
				SWIFT_VERSION = 5.0;
				TARGETED_DEVICE_FAMILY = "1,2";
				USER_HEADER_SEARCH_PATHS = "";
			};
			name = Debug;
		};
		400F89A927EC386A0018E937 /* Release */ = {
			isa = XCBuildConfiguration;
			buildSettings = {
				ALWAYS_SEARCH_USER_PATHS = YES;
				ASSETCATALOG_COMPILER_APPICON_NAME = AppIcon;
				ASSETCATALOG_COMPILER_GLOBAL_ACCENT_COLOR_NAME = AccentColor;
				CLANG_ENABLE_MODULES = YES;
				CLANG_WARN_DOCUMENTATION_COMMENTS = NO;
				CODE_SIGN_STYLE = Automatic;
				CURRENT_PROJECT_VERSION = 1;
				GCC_PREPROCESSOR_DEFINITIONS = "GLES_SILENCE_DEPRECATION=1";
				GENERATE_INFOPLIST_FILE = YES;
				HEADER_SEARCH_PATHS = (
					"gl-pong-demo/vendor/",
					"gl-pong-demo/vendor/glm/",
				);
				INFOPLIST_FILE = "gl-pong-demo/Info.plist";
				INFOPLIST_KEY_UIApplicationSupportsIndirectInputEvents = YES;
				INFOPLIST_KEY_UILaunchStoryboardName = LaunchScreen;
				INFOPLIST_KEY_UIMainStoryboardFile = Main;
				INFOPLIST_KEY_UISupportedInterfaceOrientations_iPad = "UIInterfaceOrientationPortrait UIInterfaceOrientationPortraitUpsideDown UIInterfaceOrientationLandscapeLeft UIInterfaceOrientationLandscapeRight";
				INFOPLIST_KEY_UISupportedInterfaceOrientations_iPhone = "UIInterfaceOrientationPortrait UIInterfaceOrientationLandscapeLeft UIInterfaceOrientationLandscapeRight";
				LD_RUNPATH_SEARCH_PATHS = (
					"$(inherited)",
					"@executable_path/Frameworks",
				);
				MARKETING_VERSION = 1.0;
				OTHER_CPLUSPLUSFLAGS = "$(OTHER_CFLAGS)";
				OTHER_LDFLAGS = "";
				PRODUCT_BUNDLE_IDENTIFIER = "ca.btechgames.gl-pong-demo";
				PRODUCT_NAME = "$(TARGET_NAME)";
				SWIFT_EMIT_LOC_STRINGS = YES;
				SWIFT_OBJC_BRIDGING_HEADER = "gl-pong-demo/gl-pong-demo-Bridging-Header.h";
				SWIFT_VERSION = 5.0;
				TARGETED_DEVICE_FAMILY = "1,2";
				USER_HEADER_SEARCH_PATHS = "";
			};
			name = Release;
		};
/* End XCBuildConfiguration section */

/* Begin XCConfigurationList section */
		400F898E27EC38680018E937 /* Build configuration list for PBXProject "gl-pong-demo" */ = {
			isa = XCConfigurationList;
			buildConfigurations = (
				400F89A527EC386A0018E937 /* Debug */,
				400F89A627EC386A0018E937 /* Release */,
			);
			defaultConfigurationIsVisible = 0;
			defaultConfigurationName = Release;
		};
		400F89A727EC386A0018E937 /* Build configuration list for PBXNativeTarget "gl-pong-demo" */ = {
			isa = XCConfigurationList;
			buildConfigurations = (
				400F89A827EC386A0018E937 /* Debug */,
				400F89A927EC386A0018E937 /* Release */,
			);
			defaultConfigurationIsVisible = 0;
			defaultConfigurationName = Release;
		};
/* End XCConfigurationList section */
	};
	rootObject = 400F898B27EC38680018E937 /* Project object */;
}
